// !$*UTF8*$!
{
	archiveVersion = 1;
	classes = {
	};
	objectVersion = 55;
	objects = {

/* Begin PBXBuildFile section */
		401E5DA02814FF17009127A5 /* ShopViewController.swift in Sources */ = {isa = PBXBuildFile; fileRef = 401E5D9F2814FF17009127A5 /* ShopViewController.swift */; };
		401E5DAA28150242009127A5 /* App.h in Headers */ = {isa = PBXBuildFile; fileRef = 401E5DA928150241009127A5 /* App.h */; settings = {ATTRIBUTES = (Public, ); }; };
		401E5DAC281520D5009127A5 /* MyViewController.swift in Sources */ = {isa = PBXBuildFile; fileRef = 401E5DAB281520D5009127A5 /* MyViewController.swift */; };
		401E5DC1281528C4009127A5 /* Edit+UIButton.swift in Sources */ = {isa = PBXBuildFile; fileRef = 401E5DC0281528C4009127A5 /* Edit+UIButton.swift */; };
		401E5DC6281528F3009127A5 /* Edit+UIImage.swift in Sources */ = {isa = PBXBuildFile; fileRef = 401E5DC2281528F2009127A5 /* Edit+UIImage.swift */; };
		401E5DC8281528F3009127A5 /* UIViewController+Extenstion.swift in Sources */ = {isa = PBXBuildFile; fileRef = 401E5DC4281528F2009127A5 /* UIViewController+Extenstion.swift */; };
		401E5DC9281528F3009127A5 /* Edit+UIImageView.swift in Sources */ = {isa = PBXBuildFile; fileRef = 401E5DC5281528F3009127A5 /* Edit+UIImageView.swift */; };
		401E5DD42815407A009127A5 /* LoginViewController.swift in Sources */ = {isa = PBXBuildFile; fileRef = 401E5DD32815407A009127A5 /* LoginViewController.swift */; };
		401E5DD628163A48009127A5 /* StartPageViewController.swift in Sources */ = {isa = PBXBuildFile; fileRef = 401E5DD528163A47009127A5 /* StartPageViewController.swift */; };
		403B87F92823536400FC4EA4 /* CommodityCategoryViewController.swift in Sources */ = {isa = PBXBuildFile; fileRef = 403B87F82823536400FC4EA4 /* CommodityCategoryViewController.swift */; };
		403B87FB282356C600FC4EA4 /* CommodityCategoryCell.swift in Sources */ = {isa = PBXBuildFile; fileRef = 403B87FA282356C600FC4EA4 /* CommodityCategoryCell.swift */; };
		403B87FD28235E4300FC4EA4 /* CommodityParametersViewController.swift in Sources */ = {isa = PBXBuildFile; fileRef = 403B87FC28235E4300FC4EA4 /* CommodityParametersViewController.swift */; };
		403B880128236A8100FC4EA4 /* CommodityParameterView.swift in Sources */ = {isa = PBXBuildFile; fileRef = 403B880028236A8100FC4EA4 /* CommodityParameterView.swift */; };
		403B88032823725400FC4EA4 /* CommoditySpecificationsViewController.swift in Sources */ = {isa = PBXBuildFile; fileRef = 403B88022823725400FC4EA4 /* CommoditySpecificationsViewController.swift */; };
		403B88052823797300FC4EA4 /* CommoditySpecificationsHeaderView.swift in Sources */ = {isa = PBXBuildFile; fileRef = 403B88042823797300FC4EA4 /* CommoditySpecificationsHeaderView.swift */; };
		403B8807282379C600FC4EA4 /* CommoditySpecificationsFooterView.swift in Sources */ = {isa = PBXBuildFile; fileRef = 403B8806282379C600FC4EA4 /* CommoditySpecificationsFooterView.swift */; };
		403B88092823A8C600FC4EA4 /* AddSpecificationsView.swift in Sources */ = {isa = PBXBuildFile; fileRef = 403B88082823A8C500FC4EA4 /* AddSpecificationsView.swift */; };
		403B880B2823AECB00FC4EA4 /* CommoditySpecificationCell.swift in Sources */ = {isa = PBXBuildFile; fileRef = 403B880A2823AECA00FC4EA4 /* CommoditySpecificationCell.swift */; };
		403B880D2823B37700FC4EA4 /* CommodityPriceAndStockCell.swift in Sources */ = {isa = PBXBuildFile; fileRef = 403B880C2823B37700FC4EA4 /* CommodityPriceAndStockCell.swift */; };
		403B880F2823BAA700FC4EA4 /* SpecificationValueView.swift in Sources */ = {isa = PBXBuildFile; fileRef = 403B880E2823BAA700FC4EA4 /* SpecificationValueView.swift */; };
		4060BC2B28168DFD00968C42 /* MainViewController.swift in Sources */ = {isa = PBXBuildFile; fileRef = 4060BC2A28168DFD00968C42 /* MainViewController.swift */; };
		4060BC302816AD5000968C42 /* CountDown.swift in Sources */ = {isa = PBXBuildFile; fileRef = 4060BC2F2816AD5000968C42 /* CountDown.swift */; };
		4060BC3428175ECD00968C42 /* BaseNaviViewController.swift in Sources */ = {isa = PBXBuildFile; fileRef = 4060BC3228175ECD00968C42 /* BaseNaviViewController.swift */; };
		4060BC3528175ECD00968C42 /* BaseViewController.swift in Sources */ = {isa = PBXBuildFile; fileRef = 4060BC3328175ECD00968C42 /* BaseViewController.swift */; };
		4060BC3728175ED300968C42 /* Edit+UIBarButtonItem.swift in Sources */ = {isa = PBXBuildFile; fileRef = 4060BC3628175ED300968C42 /* Edit+UIBarButtonItem.swift */; };
		4060BC3928177F1A00968C42 /* RegisterViewController.swift in Sources */ = {isa = PBXBuildFile; fileRef = 4060BC3828177F1A00968C42 /* RegisterViewController.swift */; };
		4060BC3B281794B000968C42 /* ForgetPasswordViewController.swift in Sources */ = {isa = PBXBuildFile; fileRef = 4060BC3A281794B000968C42 /* ForgetPasswordViewController.swift */; };
		4060BC3D2817986900968C42 /* NewPasswordViewController.swift in Sources */ = {isa = PBXBuildFile; fileRef = 4060BC3C2817986800968C42 /* NewPasswordViewController.swift */; };
		4060BC402817A54600968C42 /* StoreOccupancyViewController.swift in Sources */ = {isa = PBXBuildFile; fileRef = 4060BC3F2817A54600968C42 /* StoreOccupancyViewController.swift */; };
		4060BC422817DE0200968C42 /* BusinessTypeViewController.swift in Sources */ = {isa = PBXBuildFile; fileRef = 4060BC412817DE0200968C42 /* BusinessTypeViewController.swift */; };
		4060BC452817DF7100968C42 /* BusinessTypeCell.swift in Sources */ = {isa = PBXBuildFile; fileRef = 4060BC442817DF7000968C42 /* BusinessTypeCell.swift */; };
		4060BC472817E31F00968C42 /* BusinessTypeHeaderView.swift in Sources */ = {isa = PBXBuildFile; fileRef = 4060BC462817E31F00968C42 /* BusinessTypeHeaderView.swift */; };
		4060BC492818C87400968C42 /* EnterpriseCertificationViewController.swift in Sources */ = {isa = PBXBuildFile; fileRef = 4060BC482818C87400968C42 /* EnterpriseCertificationViewController.swift */; };
		4060BC4B28191C9D00968C42 /* EnterpriseAuditViewController.swift in Sources */ = {isa = PBXBuildFile; fileRef = 4060BC4A28191C9C00968C42 /* EnterpriseAuditViewController.swift */; };
		4060BC4D281A1ACE00968C42 /* ShopDetailViewController.swift in Sources */ = {isa = PBXBuildFile; fileRef = 4060BC4C281A1ACD00968C42 /* ShopDetailViewController.swift */; };
		4060BC50281A1B6300968C42 /* ShopDetailCell.swift in Sources */ = {isa = PBXBuildFile; fileRef = 4060BC4F281A1B6300968C42 /* ShopDetailCell.swift */; };
		4060BC52281A2F6E00968C42 /* ShopDetailCardCell.swift in Sources */ = {isa = PBXBuildFile; fileRef = 4060BC51281A2F6E00968C42 /* ShopDetailCardCell.swift */; };
		4074C9EF282CE3D0009E9023 /* RegionView.swift in Sources */ = {isa = PBXBuildFile; fileRef = 4074C9EE282CE3CF009E9023 /* RegionView.swift */; };
		4074C9F1282D043C009E9023 /* RegionAddressCell.swift in Sources */ = {isa = PBXBuildFile; fileRef = 4074C9F0282D043B009E9023 /* RegionAddressCell.swift */; };
		4074C9F3282DF506009E9023 /* NoDeliveryRegionView.swift in Sources */ = {isa = PBXBuildFile; fileRef = 4074C9F2282DF506009E9023 /* NoDeliveryRegionView.swift */; };
		4074C9F5282DF764009E9023 /* NoDeliveryTableviewCell.swift in Sources */ = {isa = PBXBuildFile; fileRef = 4074C9F4282DF764009E9023 /* NoDeliveryTableviewCell.swift */; };
		4074C9F8282F37B4009E9023 /* UserPrivacyView.swift in Sources */ = {isa = PBXBuildFile; fileRef = 4074C9F7282F37B3009E9023 /* UserPrivacyView.swift */; };
		4074C9FB2830BC10009E9023 /* MMLocationParser.m in Sources */ = {isa = PBXBuildFile; fileRef = 4074C9F92830BC0E009E9023 /* MMLocationParser.m */; };
		4074C9FC2830BC10009E9023 /* MMLocationParser.h in Headers */ = {isa = PBXBuildFile; fileRef = 4074C9FA2830BC0F009E9023 /* MMLocationParser.h */; settings = {ATTRIBUTES = (Public, ); }; };
		4075AEF0281CD621005EB854 /* ProductDescriptionViewController.swift in Sources */ = {isa = PBXBuildFile; fileRef = 4075AEEF281CD621005EB854 /* ProductDescriptionViewController.swift */; };
		4075AEF8281CD871005EB854 /* XDRichTextView.m in Sources */ = {isa = PBXBuildFile; fileRef = 4075AEF2281CD871005EB854 /* XDRichTextView.m */; };
		4075AEF9281CD871005EB854 /* XDEditTextTool.m in Sources */ = {isa = PBXBuildFile; fileRef = 4075AEF3281CD871005EB854 /* XDEditTextTool.m */; };
		4075AEFA281CD871005EB854 /* XDRichTextModel.h in Headers */ = {isa = PBXBuildFile; fileRef = 4075AEF4281CD871005EB854 /* XDRichTextModel.h */; settings = {ATTRIBUTES = (Public, ); }; };
		4075AEFB281CD871005EB854 /* XDEditTextTool.h in Headers */ = {isa = PBXBuildFile; fileRef = 4075AEF5281CD871005EB854 /* XDEditTextTool.h */; settings = {ATTRIBUTES = (Public, ); }; };
		4075AEFC281CD871005EB854 /* XDRichTextView.h in Headers */ = {isa = PBXBuildFile; fileRef = 4075AEF6281CD871005EB854 /* XDRichTextView.h */; settings = {ATTRIBUTES = (Public, ); }; };
		4075AEFD281CD871005EB854 /* XDRichTextModel.m in Sources */ = {isa = PBXBuildFile; fileRef = 4075AEF7281CD871005EB854 /* XDRichTextModel.m */; };
		4075AF02281CD8E2005EB854 /* NSAttributedString+Rich.m in Sources */ = {isa = PBXBuildFile; fileRef = 4075AEFE281CD8E1005EB854 /* NSAttributedString+Rich.m */; };
		4075AF03281CD8E2005EB854 /* NSString+JSON.m in Sources */ = {isa = PBXBuildFile; fileRef = 4075AEFF281CD8E2005EB854 /* NSString+JSON.m */; };
		4075AF04281CD8E2005EB854 /* NSAttributedString+Rich.h in Headers */ = {isa = PBXBuildFile; fileRef = 4075AF00281CD8E2005EB854 /* NSAttributedString+Rich.h */; settings = {ATTRIBUTES = (Public, ); }; };
		4075AF05281CD8E2005EB854 /* NSString+JSON.h in Headers */ = {isa = PBXBuildFile; fileRef = 4075AF01281CD8E2005EB854 /* NSString+JSON.h */; settings = {ATTRIBUTES = (Public, ); }; };
		4075AF08281CE7A5005EB854 /* UIColor+HEX.m in Sources */ = {isa = PBXBuildFile; fileRef = 4075AF06281CE7A3005EB854 /* UIColor+HEX.m */; };
		4075AF09281CE7A5005EB854 /* UIColor+HEX.h in Headers */ = {isa = PBXBuildFile; fileRef = 4075AF07281CE7A5005EB854 /* UIColor+HEX.h */; settings = {ATTRIBUTES = (Public, ); }; };
		4075AF0C281E1E08005EB854 /* OrderViewController.swift in Sources */ = {isa = PBXBuildFile; fileRef = 4075AF0B281E1E08005EB854 /* OrderViewController.swift */; };
		4075AF0E281E2673005EB854 /* OrderContentViewController.swift in Sources */ = {isa = PBXBuildFile; fileRef = 4075AF0D281E2673005EB854 /* OrderContentViewController.swift */; };
		4075AF10281E2696005EB854 /* AfterSalesViewController.swift in Sources */ = {isa = PBXBuildFile; fileRef = 4075AF0F281E2695005EB854 /* AfterSalesViewController.swift */; };
		4075AF12281E3088005EB854 /* OrderStatusViewController.swift in Sources */ = {isa = PBXBuildFile; fileRef = 4075AF11281E3088005EB854 /* OrderStatusViewController.swift */; };
		4075AF14281E3706005EB854 /* AfterSalesStatusViewController.swift in Sources */ = {isa = PBXBuildFile; fileRef = 4075AF13281E3706005EB854 /* AfterSalesStatusViewController.swift */; };
		407D97FD281A3A11005A8CBC /* CommodityManagementViewController.swift in Sources */ = {isa = PBXBuildFile; fileRef = 407D97FC281A3A10005A8CBC /* CommodityManagementViewController.swift */; };
		407D97FF281A65EE005A8CBC /* CommodityStatusViewController.swift in Sources */ = {isa = PBXBuildFile; fileRef = 407D97FE281A65EE005A8CBC /* CommodityStatusViewController.swift */; };
		407D9802281A66C6005A8CBC /* commodityStatusCell.swift in Sources */ = {isa = PBXBuildFile; fileRef = 407D9801281A66C6005A8CBC /* commodityStatusCell.swift */; };
		407D9804281A70DF005A8CBC /* commodityExamineCell.swift in Sources */ = {isa = PBXBuildFile; fileRef = 407D9803281A70DF005A8CBC /* commodityExamineCell.swift */; };
		407D9806281A8352005A8CBC /* ReplenishInventoryViewController.swift in Sources */ = {isa = PBXBuildFile; fileRef = 407D9805281A8352005A8CBC /* ReplenishInventoryViewController.swift */; };
		407D9808281A8457005A8CBC /* ReplenishInventoryCell.swift in Sources */ = {isa = PBXBuildFile; fileRef = 407D9807281A8457005A8CBC /* ReplenishInventoryCell.swift */; };
		4080A4C7282C98B700D32002 /* FreightTemplateViewController.swift in Sources */ = {isa = PBXBuildFile; fileRef = 4080A4C6282C98B700D32002 /* FreightTemplateViewController.swift */; };
		4080A4CA282C995E00D32002 /* FreightTemplateCell.swift in Sources */ = {isa = PBXBuildFile; fileRef = 4080A4C9282C995E00D32002 /* FreightTemplateCell.swift */; };
		4080A4CC282CA24500D32002 /* TemplateContentViewController.swift in Sources */ = {isa = PBXBuildFile; fileRef = 4080A4CB282CA24500D32002 /* TemplateContentViewController.swift */; };
		4080A4CE282CB08000D32002 /* FreightAllocationViewController.swift in Sources */ = {isa = PBXBuildFile; fileRef = 4080A4CD282CB07F00D32002 /* FreightAllocationViewController.swift */; };
		4080A4D0282CBC1D00D32002 /* NoDeliveryViewController.swift in Sources */ = {isa = PBXBuildFile; fileRef = 4080A4CF282CBC1D00D32002 /* NoDeliveryViewController.swift */; };
		4080A4D2282CBD8300D32002 /* NoDeliveryCell.swift in Sources */ = {isa = PBXBuildFile; fileRef = 4080A4D1282CBD8200D32002 /* NoDeliveryCell.swift */; };
		4083B25B2824C87200AFAD18 /* SettingPriceAndStockView.swift in Sources */ = {isa = PBXBuildFile; fileRef = 4083B25A2824C87200AFAD18 /* SettingPriceAndStockView.swift */; };
		4083B25E2825FC2A00AFAD18 /* OrderStatusCell.swift in Sources */ = {isa = PBXBuildFile; fileRef = 4083B25D2825FC2A00AFAD18 /* OrderStatusCell.swift */; };
		4083B260282615AA00AFAD18 /* CloseOrderReasonView.swift in Sources */ = {isa = PBXBuildFile; fileRef = 4083B25F282615AA00AFAD18 /* CloseOrderReasonView.swift */; };
		4083B2622826188100AFAD18 /* CloseOrderReasonCell.swift in Sources */ = {isa = PBXBuildFile; fileRef = 4083B2612826188100AFAD18 /* CloseOrderReasonCell.swift */; };
		4083B2642826223400AFAD18 /* ModifyPriceView.swift in Sources */ = {isa = PBXBuildFile; fileRef = 4083B2632826223400AFAD18 /* ModifyPriceView.swift */; };
		408AF0E828407BA600D12584 /* CommodityParameterCell.swift in Sources */ = {isa = PBXBuildFile; fileRef = 408AF0E728407BA600D12584 /* CommodityParameterCell.swift */; };
		408E422C2826686500C94119 /* OrderDetailStatusCell.swift in Sources */ = {isa = PBXBuildFile; fileRef = 408E422B2826686500C94119 /* OrderDetailStatusCell.swift */; };
		408E422E28266BE200C94119 /* OrderContentCell.swift in Sources */ = {isa = PBXBuildFile; fileRef = 408E422D28266BE200C94119 /* OrderContentCell.swift */; };
		408E423028289BD500C94119 /* OrderDetailViewController.swift in Sources */ = {isa = PBXBuildFile; fileRef = 408E422F28289BD500C94119 /* OrderDetailViewController.swift */; };
		408E42322828AA9300C94119 /* OrderToBePaidCell.swift in Sources */ = {isa = PBXBuildFile; fileRef = 408E42312828AA9200C94119 /* OrderToBePaidCell.swift */; };
		408E42342828ADD100C94119 /* OrderDeliveryLogisticsCell.swift in Sources */ = {isa = PBXBuildFile; fileRef = 408E42332828ADD100C94119 /* OrderDeliveryLogisticsCell.swift */; };
		408E42362828B49C00C94119 /* BuyerAdressCell.swift in Sources */ = {isa = PBXBuildFile; fileRef = 408E42352828B49B00C94119 /* BuyerAdressCell.swift */; };
		408E42382828B8C000C94119 /* ModifyReturnAddressViewController.swift in Sources */ = {isa = PBXBuildFile; fileRef = 408E42372828B8C000C94119 /* ModifyReturnAddressViewController.swift */; };
		408E423A2828BA0D00C94119 /* AddressCell.swift in Sources */ = {isa = PBXBuildFile; fileRef = 408E42392828BA0D00C94119 /* AddressCell.swift */; };
		408E423C2828C23700C94119 /* LogisticsCompanyViewController.swift in Sources */ = {isa = PBXBuildFile; fileRef = 408E423B2828C23700C94119 /* LogisticsCompanyViewController.swift */; };
		408E423E2828C35900C94119 /* LogisticsCompanyCell.swift in Sources */ = {isa = PBXBuildFile; fileRef = 408E423D2828C35900C94119 /* LogisticsCompanyCell.swift */; };
		408E42402828C4EA00C94119 /* LogisticsCompanyHeaderView.swift in Sources */ = {isa = PBXBuildFile; fileRef = 408E423F2828C4EA00C94119 /* LogisticsCompanyHeaderView.swift */; };
		408E42422828E8BE00C94119 /* CheckLogisticsViewController.swift in Sources */ = {isa = PBXBuildFile; fileRef = 408E42412828E8BE00C94119 /* CheckLogisticsViewController.swift */; };
		408E42442828EA2E00C94119 /* CheckLogisticsNumberCell.swift in Sources */ = {isa = PBXBuildFile; fileRef = 408E42432828EA2E00C94119 /* CheckLogisticsNumberCell.swift */; };
		408E42462828ED3800C94119 /* CheckLogisticsProgressCell.swift in Sources */ = {isa = PBXBuildFile; fileRef = 408E42452828ED3800C94119 /* CheckLogisticsProgressCell.swift */; };
		408E42482828FDE800C94119 /* ModifyLogisticsViewController.swift in Sources */ = {isa = PBXBuildFile; fileRef = 408E42472828FDE800C94119 /* ModifyLogisticsViewController.swift */; };
		408E424A2829003C00C94119 /* OrderModifyLogisticsCell.swift in Sources */ = {isa = PBXBuildFile; fileRef = 408E42492829003C00C94119 /* OrderModifyLogisticsCell.swift */; };
		408E424C282903B200C94119 /* ReturnGoodsAddressCell.swift in Sources */ = {isa = PBXBuildFile; fileRef = 408E424B282903B200C94119 /* ReturnGoodsAddressCell.swift */; };
		408E424E2829050300C94119 /* LogisticsInformationCell.swift in Sources */ = {isa = PBXBuildFile; fileRef = 408E424D2829050300C94119 /* LogisticsInformationCell.swift */; };
		408E42502829101900C94119 /* ModifyAddressViewController.swift in Sources */ = {isa = PBXBuildFile; fileRef = 408E424F2829101900C94119 /* ModifyAddressViewController.swift */; };
		408E4257282A16D800C94119 /* BHJPickerView.swift in Sources */ = {isa = PBXBuildFile; fileRef = 408E4256282A16D800C94119 /* BHJPickerView.swift */; };
		408E425A282A16F400C94119 /* AddressModel.swift in Sources */ = {isa = PBXBuildFile; fileRef = 408E4259282A16F400C94119 /* AddressModel.swift */; };
		408E425D282A271200C94119 /* city.json in Resources */ = {isa = PBXBuildFile; fileRef = 408E425C282A271100C94119 /* city.json */; };
		408E425F282B3BC100C94119 /* OrderSearchViewController.swift in Sources */ = {isa = PBXBuildFile; fileRef = 408E425E282B3BC100C94119 /* OrderSearchViewController.swift */; };
		409C29932814FC5D00005ECB /* UITextView+Placeholder.m in Sources */ = {isa = PBXBuildFile; fileRef = 409C29912814FC5D00005ECB /* UITextView+Placeholder.m */; };
		409C29942814FC5D00005ECB /* UITextView+Placeholder.h in Headers */ = {isa = PBXBuildFile; fileRef = 409C29922814FC5D00005ECB /* UITextView+Placeholder.h */; settings = {ATTRIBUTES = (Public, ); }; };
		40A9A2122814D952006B1CBF /* Util.framework in Frameworks */ = {isa = PBXBuildFile; fileRef = 40A9A2112814D952006B1CBF /* Util.framework */; };
		40A9A2132814D952006B1CBF /* Util.framework in Embed Frameworks */ = {isa = PBXBuildFile; fileRef = 40A9A2112814D952006B1CBF /* Util.framework */; settings = {ATTRIBUTES = (CodeSignOnCopy, RemoveHeadersOnCopy, ); }; };
		40AFEBC8281A97F50062D271 /* CommoditySearchViewController.swift in Sources */ = {isa = PBXBuildFile; fileRef = 40AFEBC7281A97F50062D271 /* CommoditySearchViewController.swift */; };
		40AFEBCA281B6B1A0062D271 /* ReleaseGoodsViewController.swift in Sources */ = {isa = PBXBuildFile; fileRef = 40AFEBC9281B6B1A0062D271 /* ReleaseGoodsViewController.swift */; };
		7AD231528B3BBEAAE2E924AB /* Pods_App.framework in Frameworks */ = {isa = PBXBuildFile; fileRef = 0920399F93ACA07BE969F0D4 /* Pods_App.framework */; };
/* End PBXBuildFile section */

/* Begin PBXCopyFilesBuildPhase section */
		40A9A2142814D952006B1CBF /* Embed Frameworks */ = {
			isa = PBXCopyFilesBuildPhase;
			buildActionMask = 2147483647;
			dstPath = "";
			dstSubfolderSpec = 10;
			files = (
				40A9A2132814D952006B1CBF /* Util.framework in Embed Frameworks */,
			);
			name = "Embed Frameworks";
			runOnlyForDeploymentPostprocessing = 0;
		};
/* End PBXCopyFilesBuildPhase section */

/* Begin PBXFileReference section */
		0920399F93ACA07BE969F0D4 /* Pods_App.framework */ = {isa = PBXFileReference; explicitFileType = wrapper.framework; includeInIndex = 0; path = Pods_App.framework; sourceTree = BUILT_PRODUCTS_DIR; };
		161AC30C042211580EA93F50 /* Pods-App.debug.xcconfig */ = {isa = PBXFileReference; includeInIndex = 1; lastKnownFileType = text.xcconfig; name = "Pods-App.debug.xcconfig"; path = "Target Support Files/Pods-App/Pods-App.debug.xcconfig"; sourceTree = "<group>"; };
		32E8C670BAE2CFD60D0B1CC1 /* Pods-App.release.xcconfig */ = {isa = PBXFileReference; includeInIndex = 1; lastKnownFileType = text.xcconfig; name = "Pods-App.release.xcconfig"; path = "Target Support Files/Pods-App/Pods-App.release.xcconfig"; sourceTree = "<group>"; };
		401E5D9F2814FF17009127A5 /* ShopViewController.swift */ = {isa = PBXFileReference; lastKnownFileType = sourcecode.swift; path = ShopViewController.swift; sourceTree = "<group>"; };
		401E5DA928150241009127A5 /* App.h */ = {isa = PBXFileReference; fileEncoding = 4; lastKnownFileType = sourcecode.c.h; path = App.h; sourceTree = "<group>"; };
		401E5DAB281520D5009127A5 /* MyViewController.swift */ = {isa = PBXFileReference; lastKnownFileType = sourcecode.swift; path = MyViewController.swift; sourceTree = "<group>"; };
		401E5DC0281528C4009127A5 /* Edit+UIButton.swift */ = {isa = PBXFileReference; fileEncoding = 4; lastKnownFileType = sourcecode.swift; path = "Edit+UIButton.swift"; sourceTree = "<group>"; };
		401E5DC2281528F2009127A5 /* Edit+UIImage.swift */ = {isa = PBXFileReference; fileEncoding = 4; lastKnownFileType = sourcecode.swift; path = "Edit+UIImage.swift"; sourceTree = "<group>"; };
		401E5DC4281528F2009127A5 /* UIViewController+Extenstion.swift */ = {isa = PBXFileReference; fileEncoding = 4; lastKnownFileType = sourcecode.swift; path = "UIViewController+Extenstion.swift"; sourceTree = "<group>"; };
		401E5DC5281528F3009127A5 /* Edit+UIImageView.swift */ = {isa = PBXFileReference; fileEncoding = 4; lastKnownFileType = sourcecode.swift; path = "Edit+UIImageView.swift"; sourceTree = "<group>"; };
		401E5DD32815407A009127A5 /* LoginViewController.swift */ = {isa = PBXFileReference; lastKnownFileType = sourcecode.swift; path = LoginViewController.swift; sourceTree = "<group>"; };
		401E5DD528163A47009127A5 /* StartPageViewController.swift */ = {isa = PBXFileReference; fileEncoding = 4; lastKnownFileType = sourcecode.swift; path = StartPageViewController.swift; sourceTree = "<group>"; };
		403B87F82823536400FC4EA4 /* CommodityCategoryViewController.swift */ = {isa = PBXFileReference; lastKnownFileType = sourcecode.swift; path = CommodityCategoryViewController.swift; sourceTree = "<group>"; };
		403B87FA282356C600FC4EA4 /* CommodityCategoryCell.swift */ = {isa = PBXFileReference; lastKnownFileType = sourcecode.swift; path = CommodityCategoryCell.swift; sourceTree = "<group>"; };
		403B87FC28235E4300FC4EA4 /* CommodityParametersViewController.swift */ = {isa = PBXFileReference; lastKnownFileType = sourcecode.swift; path = CommodityParametersViewController.swift; sourceTree = "<group>"; };
		403B880028236A8100FC4EA4 /* CommodityParameterView.swift */ = {isa = PBXFileReference; lastKnownFileType = sourcecode.swift; path = CommodityParameterView.swift; sourceTree = "<group>"; };
		403B88022823725400FC4EA4 /* CommoditySpecificationsViewController.swift */ = {isa = PBXFileReference; lastKnownFileType = sourcecode.swift; path = CommoditySpecificationsViewController.swift; sourceTree = "<group>"; };
		403B88042823797300FC4EA4 /* CommoditySpecificationsHeaderView.swift */ = {isa = PBXFileReference; lastKnownFileType = sourcecode.swift; path = CommoditySpecificationsHeaderView.swift; sourceTree = "<group>"; };
		403B8806282379C600FC4EA4 /* CommoditySpecificationsFooterView.swift */ = {isa = PBXFileReference; lastKnownFileType = sourcecode.swift; path = CommoditySpecificationsFooterView.swift; sourceTree = "<group>"; };
		403B88082823A8C500FC4EA4 /* AddSpecificationsView.swift */ = {isa = PBXFileReference; lastKnownFileType = sourcecode.swift; path = AddSpecificationsView.swift; sourceTree = "<group>"; };
		403B880A2823AECA00FC4EA4 /* CommoditySpecificationCell.swift */ = {isa = PBXFileReference; lastKnownFileType = sourcecode.swift; path = CommoditySpecificationCell.swift; sourceTree = "<group>"; };
		403B880C2823B37700FC4EA4 /* CommodityPriceAndStockCell.swift */ = {isa = PBXFileReference; lastKnownFileType = sourcecode.swift; path = CommodityPriceAndStockCell.swift; sourceTree = "<group>"; };
		403B880E2823BAA700FC4EA4 /* SpecificationValueView.swift */ = {isa = PBXFileReference; lastKnownFileType = sourcecode.swift; path = SpecificationValueView.swift; sourceTree = "<group>"; };
		4060BC2A28168DFD00968C42 /* MainViewController.swift */ = {isa = PBXFileReference; fileEncoding = 4; lastKnownFileType = sourcecode.swift; path = MainViewController.swift; sourceTree = "<group>"; };
		4060BC2F2816AD5000968C42 /* CountDown.swift */ = {isa = PBXFileReference; lastKnownFileType = sourcecode.swift; path = CountDown.swift; sourceTree = "<group>"; };
		4060BC3228175ECD00968C42 /* BaseNaviViewController.swift */ = {isa = PBXFileReference; fileEncoding = 4; lastKnownFileType = sourcecode.swift; path = BaseNaviViewController.swift; sourceTree = "<group>"; };
		4060BC3328175ECD00968C42 /* BaseViewController.swift */ = {isa = PBXFileReference; fileEncoding = 4; lastKnownFileType = sourcecode.swift; path = BaseViewController.swift; sourceTree = "<group>"; };
		4060BC3628175ED300968C42 /* Edit+UIBarButtonItem.swift */ = {isa = PBXFileReference; fileEncoding = 4; lastKnownFileType = sourcecode.swift; path = "Edit+UIBarButtonItem.swift"; sourceTree = "<group>"; };
		4060BC3828177F1A00968C42 /* RegisterViewController.swift */ = {isa = PBXFileReference; lastKnownFileType = sourcecode.swift; path = RegisterViewController.swift; sourceTree = "<group>"; };
		4060BC3A281794B000968C42 /* ForgetPasswordViewController.swift */ = {isa = PBXFileReference; lastKnownFileType = sourcecode.swift; path = ForgetPasswordViewController.swift; sourceTree = "<group>"; };
		4060BC3C2817986800968C42 /* NewPasswordViewController.swift */ = {isa = PBXFileReference; lastKnownFileType = sourcecode.swift; path = NewPasswordViewController.swift; sourceTree = "<group>"; };
		4060BC3F2817A54600968C42 /* StoreOccupancyViewController.swift */ = {isa = PBXFileReference; lastKnownFileType = sourcecode.swift; path = StoreOccupancyViewController.swift; sourceTree = "<group>"; };
		4060BC412817DE0200968C42 /* BusinessTypeViewController.swift */ = {isa = PBXFileReference; lastKnownFileType = sourcecode.swift; path = BusinessTypeViewController.swift; sourceTree = "<group>"; };
		4060BC442817DF7000968C42 /* BusinessTypeCell.swift */ = {isa = PBXFileReference; lastKnownFileType = sourcecode.swift; path = BusinessTypeCell.swift; sourceTree = "<group>"; };
		4060BC462817E31F00968C42 /* BusinessTypeHeaderView.swift */ = {isa = PBXFileReference; lastKnownFileType = sourcecode.swift; path = BusinessTypeHeaderView.swift; sourceTree = "<group>"; };
		4060BC482818C87400968C42 /* EnterpriseCertificationViewController.swift */ = {isa = PBXFileReference; lastKnownFileType = sourcecode.swift; path = EnterpriseCertificationViewController.swift; sourceTree = "<group>"; };
		4060BC4A28191C9C00968C42 /* EnterpriseAuditViewController.swift */ = {isa = PBXFileReference; lastKnownFileType = sourcecode.swift; path = EnterpriseAuditViewController.swift; sourceTree = "<group>"; };
		4060BC4C281A1ACD00968C42 /* ShopDetailViewController.swift */ = {isa = PBXFileReference; lastKnownFileType = sourcecode.swift; path = ShopDetailViewController.swift; sourceTree = "<group>"; };
		4060BC4F281A1B6300968C42 /* ShopDetailCell.swift */ = {isa = PBXFileReference; lastKnownFileType = sourcecode.swift; path = ShopDetailCell.swift; sourceTree = "<group>"; };
		4060BC51281A2F6E00968C42 /* ShopDetailCardCell.swift */ = {isa = PBXFileReference; lastKnownFileType = sourcecode.swift; path = ShopDetailCardCell.swift; sourceTree = "<group>"; };
		4074C9EE282CE3CF009E9023 /* RegionView.swift */ = {isa = PBXFileReference; lastKnownFileType = sourcecode.swift; path = RegionView.swift; sourceTree = "<group>"; };
		4074C9F0282D043B009E9023 /* RegionAddressCell.swift */ = {isa = PBXFileReference; lastKnownFileType = sourcecode.swift; path = RegionAddressCell.swift; sourceTree = "<group>"; };
		4074C9F2282DF506009E9023 /* NoDeliveryRegionView.swift */ = {isa = PBXFileReference; lastKnownFileType = sourcecode.swift; path = NoDeliveryRegionView.swift; sourceTree = "<group>"; };
		4074C9F4282DF764009E9023 /* NoDeliveryTableviewCell.swift */ = {isa = PBXFileReference; lastKnownFileType = sourcecode.swift; path = NoDeliveryTableviewCell.swift; sourceTree = "<group>"; };
		4074C9F7282F37B3009E9023 /* UserPrivacyView.swift */ = {isa = PBXFileReference; lastKnownFileType = sourcecode.swift; path = UserPrivacyView.swift; sourceTree = "<group>"; };
		4074C9F92830BC0E009E9023 /* MMLocationParser.m */ = {isa = PBXFileReference; fileEncoding = 4; lastKnownFileType = sourcecode.c.objc; path = MMLocationParser.m; sourceTree = "<group>"; };
		4074C9FA2830BC0F009E9023 /* MMLocationParser.h */ = {isa = PBXFileReference; fileEncoding = 4; lastKnownFileType = sourcecode.c.h; path = MMLocationParser.h; sourceTree = "<group>"; };
		4075AEEF281CD621005EB854 /* ProductDescriptionViewController.swift */ = {isa = PBXFileReference; lastKnownFileType = sourcecode.swift; path = ProductDescriptionViewController.swift; sourceTree = "<group>"; };
		4075AEF2281CD871005EB854 /* XDRichTextView.m */ = {isa = PBXFileReference; fileEncoding = 4; lastKnownFileType = sourcecode.c.objc; path = XDRichTextView.m; sourceTree = "<group>"; };
		4075AEF3281CD871005EB854 /* XDEditTextTool.m */ = {isa = PBXFileReference; fileEncoding = 4; lastKnownFileType = sourcecode.c.objc; path = XDEditTextTool.m; sourceTree = "<group>"; };
		4075AEF4281CD871005EB854 /* XDRichTextModel.h */ = {isa = PBXFileReference; fileEncoding = 4; lastKnownFileType = sourcecode.c.h; path = XDRichTextModel.h; sourceTree = "<group>"; };
		4075AEF5281CD871005EB854 /* XDEditTextTool.h */ = {isa = PBXFileReference; fileEncoding = 4; lastKnownFileType = sourcecode.c.h; path = XDEditTextTool.h; sourceTree = "<group>"; };
		4075AEF6281CD871005EB854 /* XDRichTextView.h */ = {isa = PBXFileReference; fileEncoding = 4; lastKnownFileType = sourcecode.c.h; path = XDRichTextView.h; sourceTree = "<group>"; };
		4075AEF7281CD871005EB854 /* XDRichTextModel.m */ = {isa = PBXFileReference; fileEncoding = 4; lastKnownFileType = sourcecode.c.objc; path = XDRichTextModel.m; sourceTree = "<group>"; };
		4075AEFE281CD8E1005EB854 /* NSAttributedString+Rich.m */ = {isa = PBXFileReference; fileEncoding = 4; lastKnownFileType = sourcecode.c.objc; path = "NSAttributedString+Rich.m"; sourceTree = "<group>"; };
		4075AEFF281CD8E2005EB854 /* NSString+JSON.m */ = {isa = PBXFileReference; fileEncoding = 4; lastKnownFileType = sourcecode.c.objc; path = "NSString+JSON.m"; sourceTree = "<group>"; };
		4075AF00281CD8E2005EB854 /* NSAttributedString+Rich.h */ = {isa = PBXFileReference; fileEncoding = 4; lastKnownFileType = sourcecode.c.h; path = "NSAttributedString+Rich.h"; sourceTree = "<group>"; };
		4075AF01281CD8E2005EB854 /* NSString+JSON.h */ = {isa = PBXFileReference; fileEncoding = 4; lastKnownFileType = sourcecode.c.h; path = "NSString+JSON.h"; sourceTree = "<group>"; };
		4075AF06281CE7A3005EB854 /* UIColor+HEX.m */ = {isa = PBXFileReference; fileEncoding = 4; lastKnownFileType = sourcecode.c.objc; path = "UIColor+HEX.m"; sourceTree = "<group>"; };
		4075AF07281CE7A5005EB854 /* UIColor+HEX.h */ = {isa = PBXFileReference; fileEncoding = 4; lastKnownFileType = sourcecode.c.h; path = "UIColor+HEX.h"; sourceTree = "<group>"; };
		4075AF0B281E1E08005EB854 /* OrderViewController.swift */ = {isa = PBXFileReference; lastKnownFileType = sourcecode.swift; path = OrderViewController.swift; sourceTree = "<group>"; };
		4075AF0D281E2673005EB854 /* OrderContentViewController.swift */ = {isa = PBXFileReference; lastKnownFileType = sourcecode.swift; path = OrderContentViewController.swift; sourceTree = "<group>"; };
		4075AF0F281E2695005EB854 /* AfterSalesViewController.swift */ = {isa = PBXFileReference; lastKnownFileType = sourcecode.swift; path = AfterSalesViewController.swift; sourceTree = "<group>"; };
		4075AF11281E3088005EB854 /* OrderStatusViewController.swift */ = {isa = PBXFileReference; lastKnownFileType = sourcecode.swift; path = OrderStatusViewController.swift; sourceTree = "<group>"; };
		4075AF13281E3706005EB854 /* AfterSalesStatusViewController.swift */ = {isa = PBXFileReference; lastKnownFileType = sourcecode.swift; path = AfterSalesStatusViewController.swift; sourceTree = "<group>"; };
		407D97FC281A3A10005A8CBC /* CommodityManagementViewController.swift */ = {isa = PBXFileReference; lastKnownFileType = sourcecode.swift; path = CommodityManagementViewController.swift; sourceTree = "<group>"; };
		407D97FE281A65EE005A8CBC /* CommodityStatusViewController.swift */ = {isa = PBXFileReference; lastKnownFileType = sourcecode.swift; path = CommodityStatusViewController.swift; sourceTree = "<group>"; };
		407D9801281A66C6005A8CBC /* commodityStatusCell.swift */ = {isa = PBXFileReference; lastKnownFileType = sourcecode.swift; path = commodityStatusCell.swift; sourceTree = "<group>"; };
		407D9803281A70DF005A8CBC /* commodityExamineCell.swift */ = {isa = PBXFileReference; lastKnownFileType = sourcecode.swift; path = commodityExamineCell.swift; sourceTree = "<group>"; };
		407D9805281A8352005A8CBC /* ReplenishInventoryViewController.swift */ = {isa = PBXFileReference; lastKnownFileType = sourcecode.swift; path = ReplenishInventoryViewController.swift; sourceTree = "<group>"; };
		407D9807281A8457005A8CBC /* ReplenishInventoryCell.swift */ = {isa = PBXFileReference; lastKnownFileType = sourcecode.swift; path = ReplenishInventoryCell.swift; sourceTree = "<group>"; };
		4080A4C6282C98B700D32002 /* FreightTemplateViewController.swift */ = {isa = PBXFileReference; lastKnownFileType = sourcecode.swift; path = FreightTemplateViewController.swift; sourceTree = "<group>"; };
		4080A4C9282C995E00D32002 /* FreightTemplateCell.swift */ = {isa = PBXFileReference; lastKnownFileType = sourcecode.swift; path = FreightTemplateCell.swift; sourceTree = "<group>"; };
		4080A4CB282CA24500D32002 /* TemplateContentViewController.swift */ = {isa = PBXFileReference; lastKnownFileType = sourcecode.swift; path = TemplateContentViewController.swift; sourceTree = "<group>"; };
		4080A4CD282CB07F00D32002 /* FreightAllocationViewController.swift */ = {isa = PBXFileReference; lastKnownFileType = sourcecode.swift; path = FreightAllocationViewController.swift; sourceTree = "<group>"; };
		4080A4CF282CBC1D00D32002 /* NoDeliveryViewController.swift */ = {isa = PBXFileReference; lastKnownFileType = sourcecode.swift; path = NoDeliveryViewController.swift; sourceTree = "<group>"; };
		4080A4D1282CBD8200D32002 /* NoDeliveryCell.swift */ = {isa = PBXFileReference; lastKnownFileType = sourcecode.swift; path = NoDeliveryCell.swift; sourceTree = "<group>"; };
		4083B25A2824C87200AFAD18 /* SettingPriceAndStockView.swift */ = {isa = PBXFileReference; lastKnownFileType = sourcecode.swift; path = SettingPriceAndStockView.swift; sourceTree = "<group>"; };
		4083B25D2825FC2A00AFAD18 /* OrderStatusCell.swift */ = {isa = PBXFileReference; lastKnownFileType = sourcecode.swift; path = OrderStatusCell.swift; sourceTree = "<group>"; };
		4083B25F282615AA00AFAD18 /* CloseOrderReasonView.swift */ = {isa = PBXFileReference; lastKnownFileType = sourcecode.swift; path = CloseOrderReasonView.swift; sourceTree = "<group>"; };
		4083B2612826188100AFAD18 /* CloseOrderReasonCell.swift */ = {isa = PBXFileReference; lastKnownFileType = sourcecode.swift; path = CloseOrderReasonCell.swift; sourceTree = "<group>"; };
		4083B2632826223400AFAD18 /* ModifyPriceView.swift */ = {isa = PBXFileReference; lastKnownFileType = sourcecode.swift; path = ModifyPriceView.swift; sourceTree = "<group>"; };
		408AF0E728407BA600D12584 /* CommodityParameterCell.swift */ = {isa = PBXFileReference; lastKnownFileType = sourcecode.swift; path = CommodityParameterCell.swift; sourceTree = "<group>"; };
		408E422B2826686500C94119 /* OrderDetailStatusCell.swift */ = {isa = PBXFileReference; lastKnownFileType = sourcecode.swift; path = OrderDetailStatusCell.swift; sourceTree = "<group>"; };
		408E422D28266BE200C94119 /* OrderContentCell.swift */ = {isa = PBXFileReference; lastKnownFileType = sourcecode.swift; path = OrderContentCell.swift; sourceTree = "<group>"; };
		408E422F28289BD500C94119 /* OrderDetailViewController.swift */ = {isa = PBXFileReference; lastKnownFileType = sourcecode.swift; path = OrderDetailViewController.swift; sourceTree = "<group>"; };
		408E42312828AA9200C94119 /* OrderToBePaidCell.swift */ = {isa = PBXFileReference; lastKnownFileType = sourcecode.swift; path = OrderToBePaidCell.swift; sourceTree = "<group>"; };
		408E42332828ADD100C94119 /* OrderDeliveryLogisticsCell.swift */ = {isa = PBXFileReference; lastKnownFileType = sourcecode.swift; path = OrderDeliveryLogisticsCell.swift; sourceTree = "<group>"; };
		408E42352828B49B00C94119 /* BuyerAdressCell.swift */ = {isa = PBXFileReference; lastKnownFileType = sourcecode.swift; path = BuyerAdressCell.swift; sourceTree = "<group>"; };
		408E42372828B8C000C94119 /* ModifyReturnAddressViewController.swift */ = {isa = PBXFileReference; lastKnownFileType = sourcecode.swift; path = ModifyReturnAddressViewController.swift; sourceTree = "<group>"; };
		408E42392828BA0D00C94119 /* AddressCell.swift */ = {isa = PBXFileReference; lastKnownFileType = sourcecode.swift; path = AddressCell.swift; sourceTree = "<group>"; };
		408E423B2828C23700C94119 /* LogisticsCompanyViewController.swift */ = {isa = PBXFileReference; lastKnownFileType = sourcecode.swift; path = LogisticsCompanyViewController.swift; sourceTree = "<group>"; };
		408E423D2828C35900C94119 /* LogisticsCompanyCell.swift */ = {isa = PBXFileReference; lastKnownFileType = sourcecode.swift; path = LogisticsCompanyCell.swift; sourceTree = "<group>"; };
		408E423F2828C4EA00C94119 /* LogisticsCompanyHeaderView.swift */ = {isa = PBXFileReference; lastKnownFileType = sourcecode.swift; path = LogisticsCompanyHeaderView.swift; sourceTree = "<group>"; };
		408E42412828E8BE00C94119 /* CheckLogisticsViewController.swift */ = {isa = PBXFileReference; lastKnownFileType = sourcecode.swift; path = CheckLogisticsViewController.swift; sourceTree = "<group>"; };
		408E42432828EA2E00C94119 /* CheckLogisticsNumberCell.swift */ = {isa = PBXFileReference; lastKnownFileType = sourcecode.swift; path = CheckLogisticsNumberCell.swift; sourceTree = "<group>"; };
		408E42452828ED3800C94119 /* CheckLogisticsProgressCell.swift */ = {isa = PBXFileReference; lastKnownFileType = sourcecode.swift; path = CheckLogisticsProgressCell.swift; sourceTree = "<group>"; };
		408E42472828FDE800C94119 /* ModifyLogisticsViewController.swift */ = {isa = PBXFileReference; lastKnownFileType = sourcecode.swift; path = ModifyLogisticsViewController.swift; sourceTree = "<group>"; };
		408E42492829003C00C94119 /* OrderModifyLogisticsCell.swift */ = {isa = PBXFileReference; lastKnownFileType = sourcecode.swift; path = OrderModifyLogisticsCell.swift; sourceTree = "<group>"; };
		408E424B282903B200C94119 /* ReturnGoodsAddressCell.swift */ = {isa = PBXFileReference; lastKnownFileType = sourcecode.swift; path = ReturnGoodsAddressCell.swift; sourceTree = "<group>"; };
		408E424D2829050300C94119 /* LogisticsInformationCell.swift */ = {isa = PBXFileReference; lastKnownFileType = sourcecode.swift; path = LogisticsInformationCell.swift; sourceTree = "<group>"; };
		408E424F2829101900C94119 /* ModifyAddressViewController.swift */ = {isa = PBXFileReference; lastKnownFileType = sourcecode.swift; path = ModifyAddressViewController.swift; sourceTree = "<group>"; };
		408E4256282A16D800C94119 /* BHJPickerView.swift */ = {isa = PBXFileReference; fileEncoding = 4; lastKnownFileType = sourcecode.swift; path = BHJPickerView.swift; sourceTree = "<group>"; };
		408E4259282A16F400C94119 /* AddressModel.swift */ = {isa = PBXFileReference; fileEncoding = 4; lastKnownFileType = sourcecode.swift; path = AddressModel.swift; sourceTree = "<group>"; };
		408E425C282A271100C94119 /* city.json */ = {isa = PBXFileReference; fileEncoding = 4; lastKnownFileType = text.json; path = city.json; sourceTree = "<group>"; };
		408E425E282B3BC100C94119 /* OrderSearchViewController.swift */ = {isa = PBXFileReference; lastKnownFileType = sourcecode.swift; path = OrderSearchViewController.swift; sourceTree = "<group>"; };
		409C29912814FC5D00005ECB /* UITextView+Placeholder.m */ = {isa = PBXFileReference; fileEncoding = 4; lastKnownFileType = sourcecode.c.objc; path = "UITextView+Placeholder.m"; sourceTree = "<group>"; };
		409C29922814FC5D00005ECB /* UITextView+Placeholder.h */ = {isa = PBXFileReference; fileEncoding = 4; lastKnownFileType = sourcecode.c.h; path = "UITextView+Placeholder.h"; sourceTree = "<group>"; };
		40A9A1E22812996D006B1CBF /* App.framework */ = {isa = PBXFileReference; explicitFileType = wrapper.framework; includeInIndex = 0; path = App.framework; sourceTree = BUILT_PRODUCTS_DIR; };
		40A9A2112814D952006B1CBF /* Util.framework */ = {isa = PBXFileReference; explicitFileType = wrapper.framework; path = Util.framework; sourceTree = BUILT_PRODUCTS_DIR; };
		40AFEBC7281A97F50062D271 /* CommoditySearchViewController.swift */ = {isa = PBXFileReference; lastKnownFileType = sourcecode.swift; path = CommoditySearchViewController.swift; sourceTree = "<group>"; };
		40AFEBC9281B6B1A0062D271 /* ReleaseGoodsViewController.swift */ = {isa = PBXFileReference; lastKnownFileType = sourcecode.swift; path = ReleaseGoodsViewController.swift; sourceTree = "<group>"; };
/* End PBXFileReference section */

/* Begin PBXFrameworksBuildPhase section */
		40A9A1DF2812996D006B1CBF /* Frameworks */ = {
			isa = PBXFrameworksBuildPhase;
			buildActionMask = 2147483647;
			files = (
				40A9A2122814D952006B1CBF /* Util.framework in Frameworks */,
				7AD231528B3BBEAAE2E924AB /* Pods_App.framework in Frameworks */,
			);
			runOnlyForDeploymentPostprocessing = 0;
		};
/* End PBXFrameworksBuildPhase section */

/* Begin PBXGroup section */
		0764C0D38472638F6BF4BE19 /* Frameworks */ = {
			isa = PBXGroup;
			children = (
				40A9A2112814D952006B1CBF /* Util.framework */,
				0920399F93ACA07BE969F0D4 /* Pods_App.framework */,
			);
			name = Frameworks;
			sourceTree = "<group>";
		};
		401E5DBF281528A1009127A5 /* Extension(扩展) */ = {
			isa = PBXGroup;
			children = (
				4060BC3628175ED300968C42 /* Edit+UIBarButtonItem.swift */,
				401E5DC2281528F2009127A5 /* Edit+UIImage.swift */,
				401E5DC5281528F3009127A5 /* Edit+UIImageView.swift */,
				401E5DC4281528F2009127A5 /* UIViewController+Extenstion.swift */,
				401E5DC0281528C4009127A5 /* Edit+UIButton.swift */,
			);
			path = "Extension(扩展)";
			sourceTree = "<group>";
		};
		401E5DD22815405E009127A5 /* Login(注册和登录) */ = {
			isa = PBXGroup;
			children = (
				4074C9F6282F374A009E9023 /* view */,
				401E5DD528163A47009127A5 /* StartPageViewController.swift */,
				401E5DD32815407A009127A5 /* LoginViewController.swift */,
				4060BC3828177F1A00968C42 /* RegisterViewController.swift */,
				4060BC3A281794B000968C42 /* ForgetPasswordViewController.swift */,
				4060BC3C2817986800968C42 /* NewPasswordViewController.swift */,
			);
			path = "Login(注册和登录)";
			sourceTree = "<group>";
		};
		4060BC2928168DF800968C42 /* Main(主界面) */ = {
			isa = PBXGroup;
			children = (
				4060BC2A28168DFD00968C42 /* MainViewController.swift */,
			);
			path = "Main(主界面)";
			sourceTree = "<group>";
		};
		4060BC2E2816AD2600968C42 /* FuntionView(功能View) */ = {
			isa = PBXGroup;
			children = (
				4060BC2F2816AD5000968C42 /* CountDown.swift */,
			);
			path = "FuntionView(功能View)";
			sourceTree = "<group>";
		};
		4060BC3128175EC500968C42 /* Base(基础) */ = {
			isa = PBXGroup;
			children = (
				4060BC3228175ECD00968C42 /* BaseNaviViewController.swift */,
				4060BC3328175ECD00968C42 /* BaseViewController.swift */,
			);
			path = "Base(基础)";
			sourceTree = "<group>";
		};
		4060BC3E2817A51B00968C42 /* StoreOccupancy(店铺入住) */ = {
			isa = PBXGroup;
			children = (
				4060BC432817DF5600968C42 /* View */,
				4060BC3F2817A54600968C42 /* StoreOccupancyViewController.swift */,
				4060BC412817DE0200968C42 /* BusinessTypeViewController.swift */,
				4060BC482818C87400968C42 /* EnterpriseCertificationViewController.swift */,
				4060BC4A28191C9C00968C42 /* EnterpriseAuditViewController.swift */,
			);
			path = "StoreOccupancy(店铺入住)";
			sourceTree = "<group>";
		};
		4060BC432817DF5600968C42 /* View */ = {
			isa = PBXGroup;
			children = (
				4060BC442817DF7000968C42 /* BusinessTypeCell.swift */,
				4060BC462817E31F00968C42 /* BusinessTypeHeaderView.swift */,
			);
			path = View;
			sourceTree = "<group>";
		};
		4060BC4E281A1B4300968C42 /* view */ = {
			isa = PBXGroup;
			children = (
				4060BC4F281A1B6300968C42 /* ShopDetailCell.swift */,
				4060BC51281A2F6E00968C42 /* ShopDetailCardCell.swift */,
			);
			path = view;
			sourceTree = "<group>";
		};
		4074C9F6282F374A009E9023 /* view */ = {
			isa = PBXGroup;
			children = (
				4074C9F7282F37B3009E9023 /* UserPrivacyView.swift */,
			);
			path = view;
			sourceTree = "<group>";
		};
		4075AEF1281CD871005EB854 /* rich */ = {
			isa = PBXGroup;
			children = (
				4075AEF2281CD871005EB854 /* XDRichTextView.m */,
				4075AEF3281CD871005EB854 /* XDEditTextTool.m */,
				4075AEF4281CD871005EB854 /* XDRichTextModel.h */,
				4075AEF5281CD871005EB854 /* XDEditTextTool.h */,
				4075AEF6281CD871005EB854 /* XDRichTextView.h */,
				4075AEF7281CD871005EB854 /* XDRichTextModel.m */,
			);
			path = rich;
			sourceTree = "<group>";
		};
		4075AF0A281E1DE6005EB854 /* OrderManagement(订单) */ = {
			isa = PBXGroup;
			children = (
				408E4258282A16DF00C94119 /* Model */,
				408E4251282A134600C94119 /* Resources */,
				4083B25C2825FC1100AFAD18 /* view */,
				4075AF0B281E1E08005EB854 /* OrderViewController.swift */,
				4075AF0D281E2673005EB854 /* OrderContentViewController.swift */,
				4075AF0F281E2695005EB854 /* AfterSalesViewController.swift */,
				4075AF11281E3088005EB854 /* OrderStatusViewController.swift */,
				408E422F28289BD500C94119 /* OrderDetailViewController.swift */,
				4075AF13281E3706005EB854 /* AfterSalesStatusViewController.swift */,
				408E42372828B8C000C94119 /* ModifyReturnAddressViewController.swift */,
				408E423B2828C23700C94119 /* LogisticsCompanyViewController.swift */,
				408E42412828E8BE00C94119 /* CheckLogisticsViewController.swift */,
				408E42472828FDE800C94119 /* ModifyLogisticsViewController.swift */,
				408E424F2829101900C94119 /* ModifyAddressViewController.swift */,
				408E425E282B3BC100C94119 /* OrderSearchViewController.swift */,
			);
			path = "OrderManagement(订单)";
			sourceTree = "<group>";
		};
		407D97FB281A3997005A8CBC /* CommodityManagement(商品管理) */ = {
			isa = PBXGroup;
			children = (
				407D9800281A66A5005A8CBC /* view */,
				407D97FC281A3A10005A8CBC /* CommodityManagementViewController.swift */,
				407D97FE281A65EE005A8CBC /* CommodityStatusViewController.swift */,
				407D9805281A8352005A8CBC /* ReplenishInventoryViewController.swift */,
				40AFEBC7281A97F50062D271 /* CommoditySearchViewController.swift */,
				40AFEBC9281B6B1A0062D271 /* ReleaseGoodsViewController.swift */,
				4075AEEF281CD621005EB854 /* ProductDescriptionViewController.swift */,
				403B87F82823536400FC4EA4 /* CommodityCategoryViewController.swift */,
				403B87FC28235E4300FC4EA4 /* CommodityParametersViewController.swift */,
				403B88022823725400FC4EA4 /* CommoditySpecificationsViewController.swift */,
			);
			path = "CommodityManagement(商品管理)";
			sourceTree = "<group>";
		};
		407D9800281A66A5005A8CBC /* view */ = {
			isa = PBXGroup;
			children = (
				407D9801281A66C6005A8CBC /* commodityStatusCell.swift */,
				407D9803281A70DF005A8CBC /* commodityExamineCell.swift */,
				407D9807281A8457005A8CBC /* ReplenishInventoryCell.swift */,
				403B87FA282356C600FC4EA4 /* CommodityCategoryCell.swift */,
				403B880028236A8100FC4EA4 /* CommodityParameterView.swift */,
				403B88042823797300FC4EA4 /* CommoditySpecificationsHeaderView.swift */,
				403B8806282379C600FC4EA4 /* CommoditySpecificationsFooterView.swift */,
				403B88082823A8C500FC4EA4 /* AddSpecificationsView.swift */,
				403B880A2823AECA00FC4EA4 /* CommoditySpecificationCell.swift */,
				403B880C2823B37700FC4EA4 /* CommodityPriceAndStockCell.swift */,
				403B880E2823BAA700FC4EA4 /* SpecificationValueView.swift */,
				4083B25A2824C87200AFAD18 /* SettingPriceAndStockView.swift */,
				408AF0E728407BA600D12584 /* CommodityParameterCell.swift */,
			);
			path = view;
			sourceTree = "<group>";
		};
		4080A4C5282C8D2800D32002 /* FreightTemplate(运费模板) */ = {
			isa = PBXGroup;
			children = (
				4080A4C8282C993F00D32002 /* view */,
				4080A4C6282C98B700D32002 /* FreightTemplateViewController.swift */,
				4080A4CB282CA24500D32002 /* TemplateContentViewController.swift */,
				4080A4CD282CB07F00D32002 /* FreightAllocationViewController.swift */,
				4080A4CF282CBC1D00D32002 /* NoDeliveryViewController.swift */,
			);
			path = "FreightTemplate(运费模板)";
			sourceTree = "<group>";
		};
		4080A4C8282C993F00D32002 /* view */ = {
			isa = PBXGroup;
			children = (
				4080A4C9282C995E00D32002 /* FreightTemplateCell.swift */,
				4080A4D1282CBD8200D32002 /* NoDeliveryCell.swift */,
				4074C9EE282CE3CF009E9023 /* RegionView.swift */,
				4074C9F0282D043B009E9023 /* RegionAddressCell.swift */,
				4074C9F2282DF506009E9023 /* NoDeliveryRegionView.swift */,
				4074C9F4282DF764009E9023 /* NoDeliveryTableviewCell.swift */,
			);
			path = view;
			sourceTree = "<group>";
		};
		4083B25C2825FC1100AFAD18 /* view */ = {
			isa = PBXGroup;
			children = (
				4083B25D2825FC2A00AFAD18 /* OrderStatusCell.swift */,
				4083B25F282615AA00AFAD18 /* CloseOrderReasonView.swift */,
				4083B2612826188100AFAD18 /* CloseOrderReasonCell.swift */,
				4083B2632826223400AFAD18 /* ModifyPriceView.swift */,
				408E422B2826686500C94119 /* OrderDetailStatusCell.swift */,
				408E422D28266BE200C94119 /* OrderContentCell.swift */,
				408E42312828AA9200C94119 /* OrderToBePaidCell.swift */,
				408E42332828ADD100C94119 /* OrderDeliveryLogisticsCell.swift */,
				408E42352828B49B00C94119 /* BuyerAdressCell.swift */,
				408E42392828BA0D00C94119 /* AddressCell.swift */,
				408E423D2828C35900C94119 /* LogisticsCompanyCell.swift */,
				408E423F2828C4EA00C94119 /* LogisticsCompanyHeaderView.swift */,
				408E42432828EA2E00C94119 /* CheckLogisticsNumberCell.swift */,
				408E42452828ED3800C94119 /* CheckLogisticsProgressCell.swift */,
				408E42492829003C00C94119 /* OrderModifyLogisticsCell.swift */,
				408E424B282903B200C94119 /* ReturnGoodsAddressCell.swift */,
				408E424D2829050300C94119 /* LogisticsInformationCell.swift */,
				408E4256282A16D800C94119 /* BHJPickerView.swift */,
			);
			path = view;
			sourceTree = "<group>";
		};
		408E4251282A134600C94119 /* Resources */ = {
			isa = PBXGroup;
			children = (
				408E425C282A271100C94119 /* city.json */,
			);
			path = Resources;
			sourceTree = "<group>";
		};
		408E4258282A16DF00C94119 /* Model */ = {
			isa = PBXGroup;
			children = (
				408E4259282A16F400C94119 /* AddressModel.swift */,
			);
			path = Model;
			sourceTree = "<group>";
		};
		409C298F2814FC0D00005ECB /* Lib */ = {
			isa = PBXGroup;
			children = (
				4075AEF1281CD871005EB854 /* rich */,
				4060BC2E2816AD2600968C42 /* FuntionView(功能View) */,
				409C29902814FC1500005ECB /* category(分类) */,
			);
			path = Lib;
			sourceTree = "<group>";
		};
		409C29902814FC1500005ECB /* category(分类) */ = {
			isa = PBXGroup;
			children = (
				4074C9FA2830BC0F009E9023 /* MMLocationParser.h */,
				4074C9F92830BC0E009E9023 /* MMLocationParser.m */,
				4075AF07281CE7A5005EB854 /* UIColor+HEX.h */,
				4075AF06281CE7A3005EB854 /* UIColor+HEX.m */,
				4075AF00281CD8E2005EB854 /* NSAttributedString+Rich.h */,
				4075AEFE281CD8E1005EB854 /* NSAttributedString+Rich.m */,
				4075AF01281CD8E2005EB854 /* NSString+JSON.h */,
				4075AEFF281CD8E2005EB854 /* NSString+JSON.m */,
				409C29922814FC5D00005ECB /* UITextView+Placeholder.h */,
				409C29912814FC5D00005ECB /* UITextView+Placeholder.m */,
			);
			path = "category(分类)";
			sourceTree = "<group>";
		};
		40A9A1D82812996D006B1CBF = {
			isa = PBXGroup;
			children = (
				40A9A1E42812996D006B1CBF /* App */,
				40A9A1E32812996D006B1CBF /* Products */,
				7D942DB943BF26B30841ED37 /* Pods */,
				0764C0D38472638F6BF4BE19 /* Frameworks */,
			);
			sourceTree = "<group>";
		};
		40A9A1E32812996D006B1CBF /* Products */ = {
			isa = PBXGroup;
			children = (
				40A9A1E22812996D006B1CBF /* App.framework */,
			);
			name = Products;
			sourceTree = "<group>";
		};
		40A9A1E42812996D006B1CBF /* App */ = {
			isa = PBXGroup;
			children = (
				4080A4C5282C8D2800D32002 /* FreightTemplate(运费模板) */,
				4075AF0A281E1DE6005EB854 /* OrderManagement(订单) */,
				407D97FB281A3997005A8CBC /* CommodityManagement(商品管理) */,
				4060BC3E2817A51B00968C42 /* StoreOccupancy(店铺入住) */,
				4060BC3128175EC500968C42 /* Base(基础) */,
				4060BC2928168DF800968C42 /* Main(主界面) */,
				401E5DD22815405E009127A5 /* Login(注册和登录) */,
				401E5DBF281528A1009127A5 /* Extension(扩展) */,
				401E5DA928150241009127A5 /* App.h */,
				409C298F2814FC0D00005ECB /* Lib */,
				40A9A21C2814F1B8006B1CBF /* My(我的) */,
				40A9A21B2814F1AC006B1CBF /* Shop(店铺) */,
			);
			path = App;
			sourceTree = "<group>";
		};
		40A9A21B2814F1AC006B1CBF /* Shop(店铺) */ = {
			isa = PBXGroup;
			children = (
				4060BC4E281A1B4300968C42 /* view */,
				401E5D9F2814FF17009127A5 /* ShopViewController.swift */,
				4060BC4C281A1ACD00968C42 /* ShopDetailViewController.swift */,
			);
			path = "Shop(店铺)";
			sourceTree = "<group>";
		};
		40A9A21C2814F1B8006B1CBF /* My(我的) */ = {
			isa = PBXGroup;
			children = (
				401E5DAB281520D5009127A5 /* MyViewController.swift */,
			);
			path = "My(我的)";
			sourceTree = "<group>";
		};
		7D942DB943BF26B30841ED37 /* Pods */ = {
			isa = PBXGroup;
			children = (
				161AC30C042211580EA93F50 /* Pods-App.debug.xcconfig */,
				32E8C670BAE2CFD60D0B1CC1 /* Pods-App.release.xcconfig */,
			);
			name = Pods;
			path = ../Pods;
			sourceTree = "<group>";
		};
/* End PBXGroup section */

/* Begin PBXHeadersBuildPhase section */
		40A9A1DD2812996D006B1CBF /* Headers */ = {
			isa = PBXHeadersBuildPhase;
			buildActionMask = 2147483647;
			files = (
				4074C9FC2830BC10009E9023 /* MMLocationParser.h in Headers */,
				4075AF09281CE7A5005EB854 /* UIColor+HEX.h in Headers */,
				4075AF05281CD8E2005EB854 /* NSString+JSON.h in Headers */,
				4075AF04281CD8E2005EB854 /* NSAttributedString+Rich.h in Headers */,
				4075AEFB281CD871005EB854 /* XDEditTextTool.h in Headers */,
				4075AEFC281CD871005EB854 /* XDRichTextView.h in Headers */,
				4075AEFA281CD871005EB854 /* XDRichTextModel.h in Headers */,
				409C29942814FC5D00005ECB /* UITextView+Placeholder.h in Headers */,
				401E5DAA28150242009127A5 /* App.h in Headers */,
			);
			runOnlyForDeploymentPostprocessing = 0;
		};
/* End PBXHeadersBuildPhase section */

/* Begin PBXNativeTarget section */
		40A9A1E12812996D006B1CBF /* App */ = {
			isa = PBXNativeTarget;
			buildConfigurationList = 40A9A1E92812996D006B1CBF /* Build configuration list for PBXNativeTarget "App" */;
			buildPhases = (
				6EC17287B80C0F953C7A9BFA /* [CP] Check Pods Manifest.lock */,
				40A9A1DD2812996D006B1CBF /* Headers */,
				40A9A1DE2812996D006B1CBF /* Sources */,
				40A9A1DF2812996D006B1CBF /* Frameworks */,
				40A9A1E02812996D006B1CBF /* Resources */,
				40A9A2142814D952006B1CBF /* Embed Frameworks */,
			);
			buildRules = (
			);
			dependencies = (
			);
			name = App;
			productName = App;
			productReference = 40A9A1E22812996D006B1CBF /* App.framework */;
			productType = "com.apple.product-type.framework";
		};
/* End PBXNativeTarget section */

/* Begin PBXProject section */
		40A9A1D92812996D006B1CBF /* Project object */ = {
			isa = PBXProject;
			attributes = {
				BuildIndependentTargetsInParallel = 1;
				LastUpgradeCheck = 1330;
				TargetAttributes = {
					40A9A1E12812996D006B1CBF = {
						CreatedOnToolsVersion = 13.3.1;
						LastSwiftMigration = 1330;
					};
				};
			};
			buildConfigurationList = 40A9A1DC2812996D006B1CBF /* Build configuration list for PBXProject "App" */;
			compatibilityVersion = "Xcode 13.0";
			developmentRegion = en;
			hasScannedForEncodings = 0;
			knownRegions = (
				en,
				Base,
			);
			mainGroup = 40A9A1D82812996D006B1CBF;
			productRefGroup = 40A9A1E32812996D006B1CBF /* Products */;
			projectDirPath = "";
			projectRoot = "";
			targets = (
				40A9A1E12812996D006B1CBF /* App */,
			);
		};
/* End PBXProject section */

/* Begin PBXResourcesBuildPhase section */
		40A9A1E02812996D006B1CBF /* Resources */ = {
			isa = PBXResourcesBuildPhase;
			buildActionMask = 2147483647;
			files = (
				408E425D282A271200C94119 /* city.json in Resources */,
			);
			runOnlyForDeploymentPostprocessing = 0;
		};
/* End PBXResourcesBuildPhase section */

/* Begin PBXShellScriptBuildPhase section */
		6EC17287B80C0F953C7A9BFA /* [CP] Check Pods Manifest.lock */ = {
			isa = PBXShellScriptBuildPhase;
			buildActionMask = 2147483647;
			files = (
			);
			inputFileListPaths = (
			);
			inputPaths = (
				"${PODS_PODFILE_DIR_PATH}/Podfile.lock",
				"${PODS_ROOT}/Manifest.lock",
			);
			name = "[CP] Check Pods Manifest.lock";
			outputFileListPaths = (
			);
			outputPaths = (
				"$(DERIVED_FILE_DIR)/Pods-App-checkManifestLockResult.txt",
			);
			runOnlyForDeploymentPostprocessing = 0;
			shellPath = /bin/sh;
			shellScript = "diff \"${PODS_PODFILE_DIR_PATH}/Podfile.lock\" \"${PODS_ROOT}/Manifest.lock\" > /dev/null\nif [ $? != 0 ] ; then\n    # print error to STDERR\n    echo \"error: The sandbox is not in sync with the Podfile.lock. Run 'pod install' or update your CocoaPods installation.\" >&2\n    exit 1\nfi\n# This output is used by Xcode 'outputs' to avoid re-running this script phase.\necho \"SUCCESS\" > \"${SCRIPT_OUTPUT_FILE_0}\"\n";
			showEnvVarsInLog = 0;
		};
/* End PBXShellScriptBuildPhase section */

/* Begin PBXSourcesBuildPhase section */
		40A9A1DE2812996D006B1CBF /* Sources */ = {
			isa = PBXSourcesBuildPhase;
			buildActionMask = 2147483647;
			files = (
				4060BC50281A1B6300968C42 /* ShopDetailCell.swift in Sources */,
				408AF0E828407BA600D12584 /* CommodityParameterCell.swift in Sources */,
				4075AEF0281CD621005EB854 /* ProductDescriptionViewController.swift in Sources */,
				408E42382828B8C000C94119 /* ModifyReturnAddressViewController.swift in Sources */,
				408E422E28266BE200C94119 /* OrderContentCell.swift in Sources */,
				4075AEF8281CD871005EB854 /* XDRichTextView.m in Sources */,
				408E423028289BD500C94119 /* OrderDetailViewController.swift in Sources */,
				4083B25B2824C87200AFAD18 /* SettingPriceAndStockView.swift in Sources */,
				4075AF0C281E1E08005EB854 /* OrderViewController.swift in Sources */,
				4083B25E2825FC2A00AFAD18 /* OrderStatusCell.swift in Sources */,
				408E423A2828BA0D00C94119 /* AddressCell.swift in Sources */,
				403B8807282379C600FC4EA4 /* CommoditySpecificationsFooterView.swift in Sources */,
				4074C9F3282DF506009E9023 /* NoDeliveryRegionView.swift in Sources */,
				4074C9F1282D043C009E9023 /* RegionAddressCell.swift in Sources */,
				408E42442828EA2E00C94119 /* CheckLogisticsNumberCell.swift in Sources */,
				401E5DA02814FF17009127A5 /* ShopViewController.swift in Sources */,
				4075AEF9281CD871005EB854 /* XDEditTextTool.m in Sources */,
				4080A4D0282CBC1D00D32002 /* NoDeliveryViewController.swift in Sources */,
				4075AF02281CD8E2005EB854 /* NSAttributedString+Rich.m in Sources */,
				401E5DC1281528C4009127A5 /* Edit+UIButton.swift in Sources */,
				403B88052823797300FC4EA4 /* CommoditySpecificationsHeaderView.swift in Sources */,
				4060BC492818C87400968C42 /* EnterpriseCertificationViewController.swift in Sources */,
				403B88032823725400FC4EA4 /* CommoditySpecificationsViewController.swift in Sources */,
				4074C9FB2830BC10009E9023 /* MMLocationParser.m in Sources */,
				407D9804281A70DF005A8CBC /* commodityExamineCell.swift in Sources */,
				408E42322828AA9300C94119 /* OrderToBePaidCell.swift in Sources */,
				4074C9F8282F37B4009E9023 /* UserPrivacyView.swift in Sources */,
				401E5DAC281520D5009127A5 /* MyViewController.swift in Sources */,
				403B880128236A8100FC4EA4 /* CommodityParameterView.swift in Sources */,
				4060BC452817DF7100968C42 /* BusinessTypeCell.swift in Sources */,
				408E42402828C4EA00C94119 /* LogisticsCompanyHeaderView.swift in Sources */,
				403B87FD28235E4300FC4EA4 /* CommodityParametersViewController.swift in Sources */,
				4060BC472817E31F00968C42 /* BusinessTypeHeaderView.swift in Sources */,
				4060BC422817DE0200968C42 /* BusinessTypeViewController.swift in Sources */,
				4060BC2B28168DFD00968C42 /* MainViewController.swift in Sources */,
				4060BC3B281794B000968C42 /* ForgetPasswordViewController.swift in Sources */,
				4080A4D2282CBD8300D32002 /* NoDeliveryCell.swift in Sources */,
				403B880D2823B37700FC4EA4 /* CommodityPriceAndStockCell.swift in Sources */,
				403B880B2823AECB00FC4EA4 /* CommoditySpecificationCell.swift in Sources */,
				4060BC3728175ED300968C42 /* Edit+UIBarButtonItem.swift in Sources */,
				4060BC3928177F1A00968C42 /* RegisterViewController.swift in Sources */,
				408E42362828B49C00C94119 /* BuyerAdressCell.swift in Sources */,
				4060BC3528175ECD00968C42 /* BaseViewController.swift in Sources */,
				4060BC4D281A1ACE00968C42 /* ShopDetailViewController.swift in Sources */,
				408E425F282B3BC100C94119 /* OrderSearchViewController.swift in Sources */,
				4075AF14281E3706005EB854 /* AfterSalesStatusViewController.swift in Sources */,
				408E42502829101900C94119 /* ModifyAddressViewController.swift in Sources */,
				408E423C2828C23700C94119 /* LogisticsCompanyViewController.swift in Sources */,
				4075AF03281CD8E2005EB854 /* NSString+JSON.m in Sources */,
				40AFEBC8281A97F50062D271 /* CommoditySearchViewController.swift in Sources */,
				403B87FB282356C600FC4EA4 /* CommodityCategoryCell.swift in Sources */,
				407D97FD281A3A11005A8CBC /* CommodityManagementViewController.swift in Sources */,
				4075AF10281E2696005EB854 /* AfterSalesViewController.swift in Sources */,
				401E5DC6281528F3009127A5 /* Edit+UIImage.swift in Sources */,
				4083B2642826223400AFAD18 /* ModifyPriceView.swift in Sources */,
				4080A4CC282CA24500D32002 /* TemplateContentViewController.swift in Sources */,
				40AFEBCA281B6B1A0062D271 /* ReleaseGoodsViewController.swift in Sources */,
				401E5DC9281528F3009127A5 /* Edit+UIImageView.swift in Sources */,
				4060BC52281A2F6E00968C42 /* ShopDetailCardCell.swift in Sources */,
				4075AF12281E3088005EB854 /* OrderStatusViewController.swift in Sources */,
				4083B2622826188100AFAD18 /* CloseOrderReasonCell.swift in Sources */,
				4074C9F5282DF764009E9023 /* NoDeliveryTableviewCell.swift in Sources */,
				4083B260282615AA00AFAD18 /* CloseOrderReasonView.swift in Sources */,
				4080A4C7282C98B700D32002 /* FreightTemplateViewController.swift in Sources */,
				408E424C282903B200C94119 /* ReturnGoodsAddressCell.swift in Sources */,
				408E42342828ADD100C94119 /* OrderDeliveryLogisticsCell.swift in Sources */,
				4080A4CE282CB08000D32002 /* FreightAllocationViewController.swift in Sources */,
				4074C9EF282CE3D0009E9023 /* RegionView.swift in Sources */,
				407D9802281A66C6005A8CBC /* commodityStatusCell.swift in Sources */,
				408E42422828E8BE00C94119 /* CheckLogisticsViewController.swift in Sources */,
				401E5DD628163A48009127A5 /* StartPageViewController.swift in Sources */,
				4075AF0E281E2673005EB854 /* OrderContentViewController.swift in Sources */,
				403B880F2823BAA700FC4EA4 /* SpecificationValueView.swift in Sources */,
				403B87F92823536400FC4EA4 /* CommodityCategoryViewController.swift in Sources */,
				4080A4CA282C995E00D32002 /* FreightTemplateCell.swift in Sources */,
				409C29932814FC5D00005ECB /* UITextView+Placeholder.m in Sources */,
				408E42462828ED3800C94119 /* CheckLogisticsProgressCell.swift in Sources */,
				407D9808281A8457005A8CBC /* ReplenishInventoryCell.swift in Sources */,
				4075AF08281CE7A5005EB854 /* UIColor+HEX.m in Sources */,
				4060BC3428175ECD00968C42 /* BaseNaviViewController.swift in Sources */,
				407D9806281A8352005A8CBC /* ReplenishInventoryViewController.swift in Sources */,
				4060BC302816AD5000968C42 /* CountDown.swift in Sources */,
				4060BC3D2817986900968C42 /* NewPasswordViewController.swift in Sources */,
				401E5DD42815407A009127A5 /* LoginViewController.swift in Sources */,
				4060BC402817A54600968C42 /* StoreOccupancyViewController.swift in Sources */,
				408E425A282A16F400C94119 /* AddressModel.swift in Sources */,
				408E424E2829050300C94119 /* LogisticsInformationCell.swift in Sources */,
				408E423E2828C35900C94119 /* LogisticsCompanyCell.swift in Sources */,
				408E422C2826686500C94119 /* OrderDetailStatusCell.swift in Sources */,
				401E5DC8281528F3009127A5 /* UIViewController+Extenstion.swift in Sources */,
				4060BC4B28191C9D00968C42 /* EnterpriseAuditViewController.swift in Sources */,
				407D97FF281A65EE005A8CBC /* CommodityStatusViewController.swift in Sources */,
				403B88092823A8C600FC4EA4 /* AddSpecificationsView.swift in Sources */,
				408E42482828FDE800C94119 /* ModifyLogisticsViewController.swift in Sources */,
				408E4257282A16D800C94119 /* BHJPickerView.swift in Sources */,
				408E424A2829003C00C94119 /* OrderModifyLogisticsCell.swift in Sources */,
				4075AEFD281CD871005EB854 /* XDRichTextModel.m in Sources */,
			);
			runOnlyForDeploymentPostprocessing = 0;
		};
/* End PBXSourcesBuildPhase section */

/* Begin XCBuildConfiguration section */
		40A9A1E72812996D006B1CBF /* Debug */ = {
			isa = XCBuildConfiguration;
			buildSettings = {
				ALWAYS_SEARCH_USER_PATHS = NO;
				CLANG_ANALYZER_NONNULL = YES;
				CLANG_ANALYZER_NUMBER_OBJECT_CONVERSION = YES_AGGRESSIVE;
				CLANG_CXX_LANGUAGE_STANDARD = "gnu++17";
				CLANG_ENABLE_MODULES = YES;
				CLANG_ENABLE_OBJC_ARC = YES;
				CLANG_ENABLE_OBJC_WEAK = YES;
				CLANG_WARN_BLOCK_CAPTURE_AUTORELEASING = YES;
				CLANG_WARN_BOOL_CONVERSION = YES;
				CLANG_WARN_COMMA = YES;
				CLANG_WARN_CONSTANT_CONVERSION = YES;
				CLANG_WARN_DEPRECATED_OBJC_IMPLEMENTATIONS = YES;
				CLANG_WARN_DIRECT_OBJC_ISA_USAGE = YES_ERROR;
				CLANG_WARN_DOCUMENTATION_COMMENTS = YES;
				CLANG_WARN_EMPTY_BODY = YES;
				CLANG_WARN_ENUM_CONVERSION = YES;
				CLANG_WARN_INFINITE_RECURSION = YES;
				CLANG_WARN_INT_CONVERSION = YES;
				CLANG_WARN_NON_LITERAL_NULL_CONVERSION = YES;
				CLANG_WARN_OBJC_IMPLICIT_RETAIN_SELF = YES;
				CLANG_WARN_OBJC_LITERAL_CONVERSION = YES;
				CLANG_WARN_OBJC_ROOT_CLASS = YES_ERROR;
				CLANG_WARN_QUOTED_INCLUDE_IN_FRAMEWORK_HEADER = YES;
				CLANG_WARN_RANGE_LOOP_ANALYSIS = YES;
				CLANG_WARN_STRICT_PROTOTYPES = YES;
				CLANG_WARN_SUSPICIOUS_MOVE = YES;
				CLANG_WARN_UNGUARDED_AVAILABILITY = YES_AGGRESSIVE;
				CLANG_WARN_UNREACHABLE_CODE = YES;
				CLANG_WARN__DUPLICATE_METHOD_MATCH = YES;
				COPY_PHASE_STRIP = NO;
				CURRENT_PROJECT_VERSION = 1;
				DEBUG_INFORMATION_FORMAT = dwarf;
				ENABLE_STRICT_OBJC_MSGSEND = YES;
				ENABLE_TESTABILITY = YES;
				GCC_C_LANGUAGE_STANDARD = gnu11;
				GCC_DYNAMIC_NO_PIC = NO;
				GCC_NO_COMMON_BLOCKS = YES;
				GCC_OPTIMIZATION_LEVEL = 0;
				GCC_PREPROCESSOR_DEFINITIONS = (
					"DEBUG=1",
					"$(inherited)",
				);
				GCC_WARN_64_TO_32_BIT_CONVERSION = YES;
				GCC_WARN_ABOUT_RETURN_TYPE = YES_ERROR;
				GCC_WARN_UNDECLARED_SELECTOR = YES;
				GCC_WARN_UNINITIALIZED_AUTOS = YES_AGGRESSIVE;
				GCC_WARN_UNUSED_FUNCTION = YES;
				GCC_WARN_UNUSED_VARIABLE = YES;
				IPHONEOS_DEPLOYMENT_TARGET = 15.4;
				MTL_ENABLE_DEBUG_INFO = INCLUDE_SOURCE;
				MTL_FAST_MATH = YES;
				ONLY_ACTIVE_ARCH = YES;
				SDKROOT = iphoneos;
				SWIFT_ACTIVE_COMPILATION_CONDITIONS = DEBUG;
				SWIFT_OPTIMIZATION_LEVEL = "-Onone";
				VERSIONING_SYSTEM = "apple-generic";
				VERSION_INFO_PREFIX = "";
			};
			name = Debug;
		};
		40A9A1E82812996D006B1CBF /* Release */ = {
			isa = XCBuildConfiguration;
			buildSettings = {
				ALWAYS_SEARCH_USER_PATHS = NO;
				CLANG_ANALYZER_NONNULL = YES;
				CLANG_ANALYZER_NUMBER_OBJECT_CONVERSION = YES_AGGRESSIVE;
				CLANG_CXX_LANGUAGE_STANDARD = "gnu++17";
				CLANG_ENABLE_MODULES = YES;
				CLANG_ENABLE_OBJC_ARC = YES;
				CLANG_ENABLE_OBJC_WEAK = YES;
				CLANG_WARN_BLOCK_CAPTURE_AUTORELEASING = YES;
				CLANG_WARN_BOOL_CONVERSION = YES;
				CLANG_WARN_COMMA = YES;
				CLANG_WARN_CONSTANT_CONVERSION = YES;
				CLANG_WARN_DEPRECATED_OBJC_IMPLEMENTATIONS = YES;
				CLANG_WARN_DIRECT_OBJC_ISA_USAGE = YES_ERROR;
				CLANG_WARN_DOCUMENTATION_COMMENTS = YES;
				CLANG_WARN_EMPTY_BODY = YES;
				CLANG_WARN_ENUM_CONVERSION = YES;
				CLANG_WARN_INFINITE_RECURSION = YES;
				CLANG_WARN_INT_CONVERSION = YES;
				CLANG_WARN_NON_LITERAL_NULL_CONVERSION = YES;
				CLANG_WARN_OBJC_IMPLICIT_RETAIN_SELF = YES;
				CLANG_WARN_OBJC_LITERAL_CONVERSION = YES;
				CLANG_WARN_OBJC_ROOT_CLASS = YES_ERROR;
				CLANG_WARN_QUOTED_INCLUDE_IN_FRAMEWORK_HEADER = YES;
				CLANG_WARN_RANGE_LOOP_ANALYSIS = YES;
				CLANG_WARN_STRICT_PROTOTYPES = YES;
				CLANG_WARN_SUSPICIOUS_MOVE = YES;
				CLANG_WARN_UNGUARDED_AVAILABILITY = YES_AGGRESSIVE;
				CLANG_WARN_UNREACHABLE_CODE = YES;
				CLANG_WARN__DUPLICATE_METHOD_MATCH = YES;
				COPY_PHASE_STRIP = NO;
				CURRENT_PROJECT_VERSION = 1;
				DEBUG_INFORMATION_FORMAT = "dwarf-with-dsym";
				ENABLE_NS_ASSERTIONS = NO;
				ENABLE_STRICT_OBJC_MSGSEND = YES;
				GCC_C_LANGUAGE_STANDARD = gnu11;
				GCC_NO_COMMON_BLOCKS = YES;
				GCC_WARN_64_TO_32_BIT_CONVERSION = YES;
				GCC_WARN_ABOUT_RETURN_TYPE = YES_ERROR;
				GCC_WARN_UNDECLARED_SELECTOR = YES;
				GCC_WARN_UNINITIALIZED_AUTOS = YES_AGGRESSIVE;
				GCC_WARN_UNUSED_FUNCTION = YES;
				GCC_WARN_UNUSED_VARIABLE = YES;
				IPHONEOS_DEPLOYMENT_TARGET = 15.4;
				MTL_ENABLE_DEBUG_INFO = NO;
				MTL_FAST_MATH = YES;
				SDKROOT = iphoneos;
				SWIFT_COMPILATION_MODE = wholemodule;
				SWIFT_OPTIMIZATION_LEVEL = "-O";
				VALIDATE_PRODUCT = YES;
				VERSIONING_SYSTEM = "apple-generic";
				VERSION_INFO_PREFIX = "";
			};
			name = Release;
		};
		40A9A1EA2812996D006B1CBF /* Debug */ = {
			isa = XCBuildConfiguration;
			baseConfigurationReference = 161AC30C042211580EA93F50 /* Pods-App.debug.xcconfig */;
			buildSettings = {
				CLANG_ENABLE_MODULES = YES;
				CODE_SIGN_IDENTITY = "Apple Development";
				"CODE_SIGN_IDENTITY[sdk=macosx*]" = "Apple Development";
				CODE_SIGN_STYLE = Automatic;
				CURRENT_PROJECT_VERSION = 1;
				DEFINES_MODULE = YES;
				DEVELOPMENT_TEAM = 3N45FRA2HJ;
				DYLIB_COMPATIBILITY_VERSION = 1;
				DYLIB_CURRENT_VERSION = 1;
				DYLIB_INSTALL_NAME_BASE = "@rpath";
				GENERATE_INFOPLIST_FILE = YES;
				INFOPLIST_KEY_NSHumanReadableCopyright = "";
				INSTALL_PATH = "$(LOCAL_LIBRARY_DIR)/Frameworks";
				IPHONEOS_DEPLOYMENT_TARGET = 11.0;
				LD_RUNPATH_SEARCH_PATHS = (
					"$(inherited)",
					"@executable_path/Frameworks",
					"@loader_path/Frameworks",
				);
				MARKETING_VERSION = 1.0;
				PRODUCT_BUNDLE_IDENTIFIER = com.NDX.App;
				PRODUCT_NAME = "$(TARGET_NAME:c99extidentifier)";
				SKIP_INSTALL = YES;
				SUPPORTS_MACCATALYST = YES;
				SWIFT_EMIT_LOC_STRINGS = YES;
				SWIFT_OBJC_BRIDGING_HEADER = "";
				SWIFT_OPTIMIZATION_LEVEL = "-Onone";
				SWIFT_VERSION = 5.0;
				TARGETED_DEVICE_FAMILY = "1,2";
			};
			name = Debug;
		};
		40A9A1EB2812996D006B1CBF /* Release */ = {
			isa = XCBuildConfiguration;
			baseConfigurationReference = 32E8C670BAE2CFD60D0B1CC1 /* Pods-App.release.xcconfig */;
			buildSettings = {
				CLANG_ENABLE_MODULES = YES;
				CODE_SIGN_IDENTITY = "Apple Development";
				"CODE_SIGN_IDENTITY[sdk=macosx*]" = "Apple Development";
				CODE_SIGN_STYLE = Automatic;
				CURRENT_PROJECT_VERSION = 1;
				DEFINES_MODULE = YES;
				DEVELOPMENT_TEAM = 3N45FRA2HJ;
				DYLIB_COMPATIBILITY_VERSION = 1;
				DYLIB_CURRENT_VERSION = 1;
				DYLIB_INSTALL_NAME_BASE = "@rpath";
				GENERATE_INFOPLIST_FILE = YES;
				INFOPLIST_KEY_NSHumanReadableCopyright = "";
				INSTALL_PATH = "$(LOCAL_LIBRARY_DIR)/Frameworks";
				IPHONEOS_DEPLOYMENT_TARGET = 11.0;
				LD_RUNPATH_SEARCH_PATHS = (
					"$(inherited)",
					"@executable_path/Frameworks",
					"@loader_path/Frameworks",
				);
				MARKETING_VERSION = 1.0;
				PRODUCT_BUNDLE_IDENTIFIER = com.NDX.App;
				PRODUCT_NAME = "$(TARGET_NAME:c99extidentifier)";
				SKIP_INSTALL = YES;
				SUPPORTS_MACCATALYST = YES;
				SWIFT_EMIT_LOC_STRINGS = YES;
				SWIFT_OBJC_BRIDGING_HEADER = "";
				SWIFT_VERSION = 5.0;
				TARGETED_DEVICE_FAMILY = "1,2";
			};
			name = Release;
		};
/* End XCBuildConfiguration section */

/* Begin XCConfigurationList section */
		40A9A1DC2812996D006B1CBF /* Build configuration list for PBXProject "App" */ = {
			isa = XCConfigurationList;
			buildConfigurations = (
				40A9A1E72812996D006B1CBF /* Debug */,
				40A9A1E82812996D006B1CBF /* Release */,
			);
			defaultConfigurationIsVisible = 0;
			defaultConfigurationName = Release;
		};
		40A9A1E92812996D006B1CBF /* Build configuration list for PBXNativeTarget "App" */ = {
			isa = XCConfigurationList;
			buildConfigurations = (
				40A9A1EA2812996D006B1CBF /* Debug */,
				40A9A1EB2812996D006B1CBF /* Release */,
			);
			defaultConfigurationIsVisible = 0;
			defaultConfigurationName = Release;
		};
/* End XCConfigurationList section */
	};
	rootObject = 40A9A1D92812996D006B1CBF /* Project object */;
}
