PODS:
  - Alamofire (5.6.1)
  - CocoaAsyncSocket (7.6.5)
  - CocoaLumberjack (1.0.0)
  - DZNEmptyDataSet (1.8.1)
  - HandyJSON (5.0.2)
  - HXPhotoPicker (3.3.1):
    - HXPhotoPicker/Default (= 3.3.1)
  - HXPhotoPicker/Default (3.3.1)
  - IQKeyboardManager (6.5.10)
  - JFPopup (1.4.3):
    - JRBaseKit (~> 1.0.0)
  - JRBaseKit (1.0.0)
  - LDMessage (1.0.8):
    - Protobuf
  - LDStreaming (1.0.0):
    - CocoaAsyncSocket
    - CocoaLumberjack
    - LDMessage
    - Protobuf
  - MJRefresh (3.7.5)
  - Moya (15.0.0):
    - Moya/Core (= 15.0.0)
  - Moya/Core (15.0.0):
    - Alamofire (~> 5.0)
  - Protobuf (3.17.3)
  - Realm (10.25.2):
    - Realm/Headers (= 10.25.2)
  - Realm/Headers (10.25.2)
  - RealmSwift (10.25.2):
    - Realm (= 10.25.2)
  - SnapKit (5.6.0)
  - SwiftyJSON (5.0.1)

DEPENDENCIES:
  - CocoaAsyncSocket (from `CocoaAsyncSocket`)
  - CocoaLumberjack (from `CocoaLumberjack`)
  - DZNEmptyDataSet
  - HandyJSON (~> 5.0.2)
  - HXPhotoPicker
  - IQKeyboardManager
  - JFPopup
  - LDMessage (from `LDMessage`)
  - LDStreaming (from `LDStreaming`)
  - MJRefresh (~> 3.7.5)
  - Moya
  - Protobuf (from `protobuf`)
  - RealmSwift
  - SnapKit
  - SwiftyJSON

SPEC REPOS:
  https://github.com/CocoaPods/Specs.git:
    - Alamofire
    - DZNEmptyDataSet
    - HandyJSON
    - HXPhotoPicker
    - IQKeyboardManager
    - JFPopup
    - JRBaseKit
    - MJRefresh
    - Moya
    - Realm
    - RealmSwift
    - SnapKit
    - SwiftyJSON

EXTERNAL SOURCES:
  CocoaAsyncSocket:
    :path: CocoaAsyncSocket
  CocoaLumberjack:
    :path: CocoaLumberjack
  LDMessage:
    :path: LDMessage
  LDStreaming:
    :path: LDStreaming
  Protobuf:
    :path: protobuf

SPEC CHECKSUMS:
  Alamofire: 87bd8c952f9a4454320fce00d9cc3de57bcadaf5
  CocoaAsyncSocket: 825de82723b13dd32109514bb0d08df847cd62d5
  CocoaLumberjack: 7b7c7880d51008397a69880d4c6ab915eba3c00c
  DZNEmptyDataSet: 9525833b9e68ac21c30253e1d3d7076cc828eaa7
  HandyJSON: 9e4e236f5d2dbefad5155a77417bbea438201c03
  HXPhotoPicker: f1274d0c931ad8564e0f23f33fe8b6110b639bd7
  IQKeyboardManager: 45a1fa55c1a5b02c61ac0fd7fd5b62bb4ad20d97
  JFPopup: 3b30e7db76294ba878ffb58ca9cb069a367a12d1
  JRBaseKit: ed75cfce9e340a3316bee0eaac0fa1c400714287
  LDMessage: 881215c915bcfc9d6d312bc6da30007c3783ff04
  LDStreaming: 6f024066e0d9187c4c13078931a1eacb6d489096
  MJRefresh: fdf5e979eb406a0341468932d1dfc8b7f9fce961
  Moya: 138f0573e53411fb3dc17016add0b748dfbd78ee
  Protobuf: 7cbdd73aef512aa7d76f491893885a88ac06a998
  Realm: 978303663d0509166498f423d112e5ee97d4c91b
  RealmSwift: a0c30c1efc49e928a0a6f8fb141bb2629616d79b
  SnapKit: e01d52ebb8ddbc333eefe2132acf85c8227d9c25
  SwiftyJSON: 2f33a42c6fbc52764d96f13368585094bfd8aa5e

PODFILE CHECKSUM: 5a0e69ec778514c47eb9dc44e0271d72e70f0eb2

COCOAPODS: 1.11.3
