// !$*UTF8*$!
{
	archiveVersion = 1;
	classes = {
	};
	objectVersion = 55;
	objects = {

/* Begin PBXBuildFile section */
		40A59B922844C37B00B712AE /* App.framework in Frameworks */ = {isa = PBXBuildFile; fileRef = 40A9A20428129A4D006B1CBF /* App.framework */; };
		40A59B932844C37B00B712AE /* App.framework in Embed Frameworks */ = {isa = PBXBuildFile; fileRef = 40A9A20428129A4D006B1CBF /* App.framework */; settings = {ATTRIBUTES = (CodeSignOnCopy, RemoveHeadersOnCopy, ); }; };
		40A59B952844C37D00B712AE /* Util.framework in Frameworks */ = {isa = PBXBuildFile; fileRef = 40A9A20828129A52006B1CBF /* Util.framework */; };
		40A59B962844C37D00B712AE /* Util.framework in Embed Frameworks */ = {isa = PBXBuildFile; fileRef = 40A9A20828129A52006B1CBF /* Util.framework */; settings = {ATTRIBUTES = (CodeSignOnCopy, RemoveHeadersOnCopy, ); }; };
		40A9A1C528129906006B1CBF /* AppDelegate.swift in Sources */ = {isa = PBXBuildFile; fileRef = 40A9A1C428129906006B1CBF /* AppDelegate.swift */; };
		40A9A1C928129906006B1CBF /* ViewController.swift in Sources */ = {isa = PBXBuildFile; fileRef = 40A9A1C828129906006B1CBF /* ViewController.swift */; };
		40A9A1CC28129906006B1CBF /* Main.storyboard in Resources */ = {isa = PBXBuildFile; fileRef = 40A9A1CA28129906006B1CBF /* Main.storyboard */; };
		40A9A1CE2812990C006B1CBF /* Assets.xcassets in Resources */ = {isa = PBXBuildFile; fileRef = 40A9A1CD2812990C006B1CBF /* Assets.xcassets */; };
		40A9A1D12812990C006B1CBF /* LaunchScreen.storyboard in Resources */ = {isa = PBXBuildFile; fileRef = 40A9A1CF2812990C006B1CBF /* LaunchScreen.storyboard */; };
		61EF0698A9E3826DD00D7B6E /* Pods_SheQuanMC.framework in Frameworks */ = {isa = PBXBuildFile; fileRef = E8A97F8F1362286CE0488478 /* Pods_SheQuanMC.framework */; };
/* End PBXBuildFile section */

/* Begin PBXCopyFilesBuildPhase section */
		40A59B942844C37B00B712AE /* Embed Frameworks */ = {
			isa = PBXCopyFilesBuildPhase;
			buildActionMask = 2147483647;
			dstPath = "";
			dstSubfolderSpec = 10;
			files = (
				40A59B962844C37D00B712AE /* Util.framework in Embed Frameworks */,
				40A59B932844C37B00B712AE /* App.framework in Embed Frameworks */,
			);
			name = "Embed Frameworks";
			runOnlyForDeploymentPostprocessing = 0;
		};
/* End PBXCopyFilesBuildPhase section */

/* Begin PBXFileReference section */
		40A9A1C128129906006B1CBF /* SheQuanMC.app */ = {isa = PBXFileReference; explicitFileType = wrapper.application; includeInIndex = 0; path = SheQuanMC.app; sourceTree = BUILT_PRODUCTS_DIR; };
		40A9A1C428129906006B1CBF /* AppDelegate.swift */ = {isa = PBXFileReference; lastKnownFileType = sourcecode.swift; path = AppDelegate.swift; sourceTree = "<group>"; };
		40A9A1C828129906006B1CBF /* ViewController.swift */ = {isa = PBXFileReference; lastKnownFileType = sourcecode.swift; path = ViewController.swift; sourceTree = "<group>"; };
		40A9A1CB28129906006B1CBF /* Base */ = {isa = PBXFileReference; lastKnownFileType = file.storyboard; name = Base; path = Base.lproj/Main.storyboard; sourceTree = "<group>"; };
		40A9A1CD2812990C006B1CBF /* Assets.xcassets */ = {isa = PBXFileReference; lastKnownFileType = folder.assetcatalog; path = Assets.xcassets; sourceTree = "<group>"; };
		40A9A1D02812990C006B1CBF /* Base */ = {isa = PBXFileReference; lastKnownFileType = file.storyboard; name = Base; path = Base.lproj/LaunchScreen.storyboard; sourceTree = "<group>"; };
		40A9A1D22812990C006B1CBF /* Info.plist */ = {isa = PBXFileReference; lastKnownFileType = text.plist.xml; path = Info.plist; sourceTree = "<group>"; };
		40A9A20428129A4D006B1CBF /* App.framework */ = {isa = PBXFileReference; explicitFileType = wrapper.framework; path = App.framework; sourceTree = BUILT_PRODUCTS_DIR; };
		40A9A20828129A52006B1CBF /* Util.framework */ = {isa = PBXFileReference; explicitFileType = wrapper.framework; path = Util.framework; sourceTree = BUILT_PRODUCTS_DIR; };
		40A9A2152814E7AF006B1CBF /* SheQuanMC_Bridging_Header.h */ = {isa = PBXFileReference; lastKnownFileType = sourcecode.c.h; path = SheQuanMC_Bridging_Header.h; sourceTree = "<group>"; };
		B8443ED415A7208F16C28327 /* Pods-SheQuanMC.debug.xcconfig */ = {isa = PBXFileReference; includeInIndex = 1; lastKnownFileType = text.xcconfig; name = "Pods-SheQuanMC.debug.xcconfig"; path = "Target Support Files/Pods-SheQuanMC/Pods-SheQuanMC.debug.xcconfig"; sourceTree = "<group>"; };
		D6D8FDE20C18D6822AE144E1 /* Pods-SheQuanMC.release.xcconfig */ = {isa = PBXFileReference; includeInIndex = 1; lastKnownFileType = text.xcconfig; name = "Pods-SheQuanMC.release.xcconfig"; path = "Target Support Files/Pods-SheQuanMC/Pods-SheQuanMC.release.xcconfig"; sourceTree = "<group>"; };
		E8A97F8F1362286CE0488478 /* Pods_SheQuanMC.framework */ = {isa = PBXFileReference; explicitFileType = wrapper.framework; includeInIndex = 0; path = Pods_SheQuanMC.framework; sourceTree = BUILT_PRODUCTS_DIR; };
/* End PBXFileReference section */

/* Begin PBXFrameworksBuildPhase section */
		40A9A1BE28129906006B1CBF /* Frameworks */ = {
			isa = PBXFrameworksBuildPhase;
			buildActionMask = 2147483647;
			files = (
				40A59B952844C37D00B712AE /* Util.framework in Frameworks */,
				40A59B922844C37B00B712AE /* App.framework in Frameworks */,
				61EF0698A9E3826DD00D7B6E /* Pods_SheQuanMC.framework in Frameworks */,
			);
			runOnlyForDeploymentPostprocessing = 0;
		};
/* End PBXFrameworksBuildPhase section */

/* Begin PBXGroup section */
		300E874DBC5859AFC13F373A /* Pods */ = {
			isa = PBXGroup;
			children = (
				B8443ED415A7208F16C28327 /* Pods-SheQuanMC.debug.xcconfig */,
				D6D8FDE20C18D6822AE144E1 /* Pods-SheQuanMC.release.xcconfig */,
			);
			path = Pods;
			sourceTree = "<group>";
		};
		40A9A1B828129906006B1CBF = {
			isa = PBXGroup;
			children = (
				40A9A1C328129906006B1CBF /* SheQuanMC */,
				40A9A1C228129906006B1CBF /* Products */,
				300E874DBC5859AFC13F373A /* Pods */,
				E977B637D034CB88C31A7215 /* Frameworks */,
			);
			sourceTree = "<group>";
		};
		40A9A1C228129906006B1CBF /* Products */ = {
			isa = PBXGroup;
			children = (
				40A9A1C128129906006B1CBF /* SheQuanMC.app */,
			);
			name = Products;
			sourceTree = "<group>";
		};
		40A9A1C328129906006B1CBF /* SheQuanMC */ = {
			isa = PBXGroup;
			children = (
				40A9A2162814E875006B1CBF /* Lib */,
				40A9A1C428129906006B1CBF /* AppDelegate.swift */,
				40A9A1C828129906006B1CBF /* ViewController.swift */,
				40A9A1CA28129906006B1CBF /* Main.storyboard */,
				40A9A1CD2812990C006B1CBF /* Assets.xcassets */,
				40A9A1CF2812990C006B1CBF /* LaunchScreen.storyboard */,
				40A9A1D22812990C006B1CBF /* Info.plist */,
				40A9A2152814E7AF006B1CBF /* SheQuanMC_Bridging_Header.h */,
			);
			path = SheQuanMC;
			sourceTree = "<group>";
		};
		40A9A2162814E875006B1CBF /* Lib */ = {
			isa = PBXGroup;
			children = (
			);
			path = Lib;
			sourceTree = "<group>";
		};
		E977B637D034CB88C31A7215 /* Frameworks */ = {
			isa = PBXGroup;
			children = (
				40A9A20828129A52006B1CBF /* Util.framework */,
				40A9A20428129A4D006B1CBF /* App.framework */,
				E8A97F8F1362286CE0488478 /* Pods_SheQuanMC.framework */,
			);
			name = Frameworks;
			sourceTree = "<group>";
		};
/* End PBXGroup section */

/* Begin PBXNativeTarget section */
		40A9A1C028129906006B1CBF /* SheQuanMC */ = {
			isa = PBXNativeTarget;
			buildConfigurationList = 40A9A1D52812990C006B1CBF /* Build configuration list for PBXNativeTarget "SheQuanMC" */;
			buildPhases = (
				CF813DE29366428DF3F9A839 /* [CP] Check Pods Manifest.lock */,
				40A9A1BD28129906006B1CBF /* Sources */,
				40A9A1BE28129906006B1CBF /* Frameworks */,
				40A9A1BF28129906006B1CBF /* Resources */,
				A821B18E8606FAECF257F8DB /* [CP] Embed Pods Frameworks */,
				40A59B942844C37B00B712AE /* Embed Frameworks */,
			);
			buildRules = (
			);
			dependencies = (
			);
			name = SheQuanMC;
			productName = SheQuanMC;
			productReference = 40A9A1C128129906006B1CBF /* SheQuanMC.app */;
			productType = "com.apple.product-type.application";
		};
/* End PBXNativeTarget section */

/* Begin PBXProject section */
		40A9A1B928129906006B1CBF /* Project object */ = {
			isa = PBXProject;
			attributes = {
				BuildIndependentTargetsInParallel = 1;
				CLASSPREFIX = "";
				LastSwiftUpdateCheck = 1330;
				LastUpgradeCheck = 1330;
				TargetAttributes = {
					40A9A1C028129906006B1CBF = {
						CreatedOnToolsVersion = 13.3.1;
					};
				};
			};
			buildConfigurationList = 40A9A1BC28129906006B1CBF /* Build configuration list for PBXProject "SheQuanMC" */;
			compatibilityVersion = "Xcode 13.0";
			developmentRegion = en;
			hasScannedForEncodings = 0;
			knownRegions = (
				en,
				Base,
			);
			mainGroup = 40A9A1B828129906006B1CBF;
			productRefGroup = 40A9A1C228129906006B1CBF /* Products */;
			projectDirPath = "";
			projectRoot = "";
			targets = (
				40A9A1C028129906006B1CBF /* SheQuanMC */,
			);
		};
/* End PBXProject section */

/* Begin PBXResourcesBuildPhase section */
		40A9A1BF28129906006B1CBF /* Resources */ = {
			isa = PBXResourcesBuildPhase;
			buildActionMask = 2147483647;
			files = (
				40A9A1D12812990C006B1CBF /* LaunchScreen.storyboard in Resources */,
				40A9A1CE2812990C006B1CBF /* Assets.xcassets in Resources */,
				40A9A1CC28129906006B1CBF /* Main.storyboard in Resources */,
			);
			runOnlyForDeploymentPostprocessing = 0;
		};
/* End PBXResourcesBuildPhase section */

/* Begin PBXShellScriptBuildPhase section */
		A821B18E8606FAECF257F8DB /* [CP] Embed Pods Frameworks */ = {
			isa = PBXShellScriptBuildPhase;
			buildActionMask = 2147483647;
			files = (
			);
			inputFileListPaths = (
				"${PODS_ROOT}/Target Support Files/Pods-SheQuanMC/Pods-SheQuanMC-frameworks-${CONFIGURATION}-input-files.xcfilelist",
			);
			name = "[CP] Embed Pods Frameworks";
			outputFileListPaths = (
				"${PODS_ROOT}/Target Support Files/Pods-SheQuanMC/Pods-SheQuanMC-frameworks-${CONFIGURATION}-output-files.xcfilelist",
			);
			runOnlyForDeploymentPostprocessing = 0;
			shellPath = /bin/sh;
			shellScript = "\"${PODS_ROOT}/Target Support Files/Pods-SheQuanMC/Pods-SheQuanMC-frameworks.sh\"\n";
			showEnvVarsInLog = 0;
		};
		CF813DE29366428DF3F9A839 /* [CP] Check Pods Manifest.lock */ = {
			isa = PBXShellScriptBuildPhase;
			buildActionMask = 2147483647;
			files = (
			);
			inputFileListPaths = (
			);
			inputPaths = (
				"${PODS_PODFILE_DIR_PATH}/Podfile.lock",
				"${PODS_ROOT}/Manifest.lock",
			);
			name = "[CP] Check Pods Manifest.lock";
			outputFileListPaths = (
			);
			outputPaths = (
				"$(DERIVED_FILE_DIR)/Pods-SheQuanMC-checkManifestLockResult.txt",
			);
			runOnlyForDeploymentPostprocessing = 0;
			shellPath = /bin/sh;
			shellScript = "diff \"${PODS_PODFILE_DIR_PATH}/Podfile.lock\" \"${PODS_ROOT}/Manifest.lock\" > /dev/null\nif [ $? != 0 ] ; then\n    # print error to STDERR\n    echo \"error: The sandbox is not in sync with the Podfile.lock. Run 'pod install' or update your CocoaPods installation.\" >&2\n    exit 1\nfi\n# This output is used by Xcode 'outputs' to avoid re-running this script phase.\necho \"SUCCESS\" > \"${SCRIPT_OUTPUT_FILE_0}\"\n";
			showEnvVarsInLog = 0;
		};
/* End PBXShellScriptBuildPhase section */

/* Begin PBXSourcesBuildPhase section */
		40A9A1BD28129906006B1CBF /* Sources */ = {
			isa = PBXSourcesBuildPhase;
			buildActionMask = 2147483647;
			files = (
				40A9A1C928129906006B1CBF /* ViewController.swift in Sources */,
				40A9A1C528129906006B1CBF /* AppDelegate.swift in Sources */,
			);
			runOnlyForDeploymentPostprocessing = 0;
		};
/* End PBXSourcesBuildPhase section */

/* Begin PBXVariantGroup section */
		40A9A1CA28129906006B1CBF /* Main.storyboard */ = {
			isa = PBXVariantGroup;
			children = (
				40A9A1CB28129906006B1CBF /* Base */,
			);
			name = Main.storyboard;
			sourceTree = "<group>";
		};
		40A9A1CF2812990C006B1CBF /* LaunchScreen.storyboard */ = {
			isa = PBXVariantGroup;
			children = (
				40A9A1D02812990C006B1CBF /* Base */,
			);
			name = LaunchScreen.storyboard;
			sourceTree = "<group>";
		};
/* End PBXVariantGroup section */

/* Begin XCBuildConfiguration section */
		40A9A1D32812990C006B1CBF /* Debug */ = {
			isa = XCBuildConfiguration;
			buildSettings = {
				ALWAYS_SEARCH_USER_PATHS = NO;
				CLANG_ANALYZER_NONNULL = YES;
				CLANG_ANALYZER_NUMBER_OBJECT_CONVERSION = YES_AGGRESSIVE;
				CLANG_CXX_LANGUAGE_STANDARD = "gnu++17";
				CLANG_ENABLE_MODULES = YES;
				CLANG_ENABLE_OBJC_ARC = YES;
				CLANG_ENABLE_OBJC_WEAK = YES;
				CLANG_WARN_BLOCK_CAPTURE_AUTORELEASING = YES;
				CLANG_WARN_BOOL_CONVERSION = YES;
				CLANG_WARN_COMMA = YES;
				CLANG_WARN_CONSTANT_CONVERSION = YES;
				CLANG_WARN_DEPRECATED_OBJC_IMPLEMENTATIONS = YES;
				CLANG_WARN_DIRECT_OBJC_ISA_USAGE = YES_ERROR;
				CLANG_WARN_DOCUMENTATION_COMMENTS = YES;
				CLANG_WARN_EMPTY_BODY = YES;
				CLANG_WARN_ENUM_CONVERSION = YES;
				CLANG_WARN_INFINITE_RECURSION = YES;
				CLANG_WARN_INT_CONVERSION = YES;
				CLANG_WARN_NON_LITERAL_NULL_CONVERSION = YES;
				CLANG_WARN_OBJC_IMPLICIT_RETAIN_SELF = YES;
				CLANG_WARN_OBJC_LITERAL_CONVERSION = YES;
				CLANG_WARN_OBJC_ROOT_CLASS = YES_ERROR;
				CLANG_WARN_QUOTED_INCLUDE_IN_FRAMEWORK_HEADER = YES;
				CLANG_WARN_RANGE_LOOP_ANALYSIS = YES;
				CLANG_WARN_STRICT_PROTOTYPES = YES;
				CLANG_WARN_SUSPICIOUS_MOVE = YES;
				CLANG_WARN_UNGUARDED_AVAILABILITY = YES_AGGRESSIVE;
				CLANG_WARN_UNREACHABLE_CODE = YES;
				CLANG_WARN__DUPLICATE_METHOD_MATCH = YES;
				COPY_PHASE_STRIP = NO;
				DEBUG_INFORMATION_FORMAT = dwarf;
				ENABLE_STRICT_OBJC_MSGSEND = YES;
				ENABLE_TESTABILITY = YES;
				GCC_C_LANGUAGE_STANDARD = gnu11;
				GCC_DYNAMIC_NO_PIC = NO;
				GCC_NO_COMMON_BLOCKS = YES;
				GCC_OPTIMIZATION_LEVEL = 0;
				GCC_PREPROCESSOR_DEFINITIONS = (
					"DEBUG=1",
					"$(inherited)",
				);
				GCC_WARN_64_TO_32_BIT_CONVERSION = YES;
				GCC_WARN_ABOUT_RETURN_TYPE = YES_ERROR;
				GCC_WARN_UNDECLARED_SELECTOR = YES;
				GCC_WARN_UNINITIALIZED_AUTOS = YES_AGGRESSIVE;
				GCC_WARN_UNUSED_FUNCTION = YES;
				GCC_WARN_UNUSED_VARIABLE = YES;
				IPHONEOS_DEPLOYMENT_TARGET = 15.4;
				MTL_ENABLE_DEBUG_INFO = INCLUDE_SOURCE;
				MTL_FAST_MATH = YES;
				ONLY_ACTIVE_ARCH = YES;
				SDKROOT = iphoneos;
				SWIFT_ACTIVE_COMPILATION_CONDITIONS = DEBUG;
				SWIFT_OPTIMIZATION_LEVEL = "-Onone";
			};
			name = Debug;
		};
		40A9A1D42812990C006B1CBF /* Release */ = {
			isa = XCBuildConfiguration;
			buildSettings = {
				ALWAYS_SEARCH_USER_PATHS = NO;
				CLANG_ANALYZER_NONNULL = YES;
				CLANG_ANALYZER_NUMBER_OBJECT_CONVERSION = YES_AGGRESSIVE;
				CLANG_CXX_LANGUAGE_STANDARD = "gnu++17";
				CLANG_ENABLE_MODULES = YES;
				CLANG_ENABLE_OBJC_ARC = YES;
				CLANG_ENABLE_OBJC_WEAK = YES;
				CLANG_WARN_BLOCK_CAPTURE_AUTORELEASING = YES;
				CLANG_WARN_BOOL_CONVERSION = YES;
				CLANG_WARN_COMMA = YES;
				CLANG_WARN_CONSTANT_CONVERSION = YES;
				CLANG_WARN_DEPRECATED_OBJC_IMPLEMENTATIONS = YES;
				CLANG_WARN_DIRECT_OBJC_ISA_USAGE = YES_ERROR;
				CLANG_WARN_DOCUMENTATION_COMMENTS = YES;
				CLANG_WARN_EMPTY_BODY = YES;
				CLANG_WARN_ENUM_CONVERSION = YES;
				CLANG_WARN_INFINITE_RECURSION = YES;
				CLANG_WARN_INT_CONVERSION = YES;
				CLANG_WARN_NON_LITERAL_NULL_CONVERSION = YES;
				CLANG_WARN_OBJC_IMPLICIT_RETAIN_SELF = YES;
				CLANG_WARN_OBJC_LITERAL_CONVERSION = YES;
				CLANG_WARN_OBJC_ROOT_CLASS = YES_ERROR;
				CLANG_WARN_QUOTED_INCLUDE_IN_FRAMEWORK_HEADER = YES;
				CLANG_WARN_RANGE_LOOP_ANALYSIS = YES;
				CLANG_WARN_STRICT_PROTOTYPES = YES;
				CLANG_WARN_SUSPICIOUS_MOVE = YES;
				CLANG_WARN_UNGUARDED_AVAILABILITY = YES_AGGRESSIVE;
				CLANG_WARN_UNREACHABLE_CODE = YES;
				CLANG_WARN__DUPLICATE_METHOD_MATCH = YES;
				COPY_PHASE_STRIP = NO;
				DEBUG_INFORMATION_FORMAT = "dwarf-with-dsym";
				ENABLE_NS_ASSERTIONS = NO;
				ENABLE_STRICT_OBJC_MSGSEND = YES;
				GCC_C_LANGUAGE_STANDARD = gnu11;
				GCC_NO_COMMON_BLOCKS = YES;
				GCC_WARN_64_TO_32_BIT_CONVERSION = YES;
				GCC_WARN_ABOUT_RETURN_TYPE = YES_ERROR;
				GCC_WARN_UNDECLARED_SELECTOR = YES;
				GCC_WARN_UNINITIALIZED_AUTOS = YES_AGGRESSIVE;
				GCC_WARN_UNUSED_FUNCTION = YES;
				GCC_WARN_UNUSED_VARIABLE = YES;
				IPHONEOS_DEPLOYMENT_TARGET = 15.4;
				MTL_ENABLE_DEBUG_INFO = NO;
				MTL_FAST_MATH = YES;
				SDKROOT = iphoneos;
				SWIFT_COMPILATION_MODE = wholemodule;
				SWIFT_OPTIMIZATION_LEVEL = "-O";
				VALIDATE_PRODUCT = YES;
			};
			name = Release;
		};
		40A9A1D62812990C006B1CBF /* Debug */ = {
			isa = XCBuildConfiguration;
			baseConfigurationReference = B8443ED415A7208F16C28327 /* Pods-SheQuanMC.debug.xcconfig */;
			buildSettings = {
				ASSETCATALOG_COMPILER_APPICON_NAME = AppIcon;
				ASSETCATALOG_COMPILER_GLOBAL_ACCENT_COLOR_NAME = AccentColor;
				CODE_SIGN_IDENTITY = "Apple Development";
				CODE_SIGN_STYLE = Automatic;
				CURRENT_PROJECT_VERSION = 1.2;
				DEVELOPMENT_TEAM = Y5Y35S9VHX;
				GENERATE_INFOPLIST_FILE = YES;
				INFOPLIST_FILE = SheQuanMC/Info.plist;
				INFOPLIST_KEY_CFBundleDisplayName = "奢圈商户版";
				INFOPLIST_KEY_NSCameraUsageDescription = " 允许此权限才能使用相机功，这样才能录制视频，并且想要保存图片";
				INFOPLIST_KEY_NSMicrophoneUsageDescription = "App需要您的同意,才能访问麦克风";
				INFOPLIST_KEY_NSPhotoLibraryUsageDescription = "允许此权限才能使用系统相册";
				INFOPLIST_KEY_UIApplicationSupportsIndirectInputEvents = YES;
				INFOPLIST_KEY_UILaunchStoryboardName = LaunchScreen;
				INFOPLIST_KEY_UIMainStoryboardFile = Main;
				INFOPLIST_KEY_UISupportedInterfaceOrientations_iPad = "UIInterfaceOrientationPortrait UIInterfaceOrientationPortraitUpsideDown UIInterfaceOrientationLandscapeLeft UIInterfaceOrientationLandscapeRight";
				INFOPLIST_KEY_UISupportedInterfaceOrientations_iPhone = "UIInterfaceOrientationPortrait UIInterfaceOrientationLandscapeLeft UIInterfaceOrientationLandscapeRight";
				IPHONEOS_DEPLOYMENT_TARGET = 11.0;
				LD_RUNPATH_SEARCH_PATHS = (
					"$(inherited)",
					"@executable_path/Frameworks",
				);
				MARKETING_VERSION = 1.0;
				PRODUCT_BUNDLE_IDENTIFIER = com.NDX.SheQuanMC;
				PRODUCT_NAME = "$(TARGET_NAME)";
				PROVISIONING_PROFILE_SPECIFIER = "";
				SWIFT_EMIT_LOC_STRINGS = YES;
				SWIFT_OBJC_BRIDGING_HEADER = SheQuanMC/SheQuanMC_Bridging_Header.h;
				SWIFT_VERSION = 5.0;
				TARGETED_DEVICE_FAMILY = 1;
			};
			name = Debug;
		};
		40A9A1D72812990C006B1CBF /* Release */ = {
			isa = XCBuildConfiguration;
			baseConfigurationReference = D6D8FDE20C18D6822AE144E1 /* Pods-SheQuanMC.release.xcconfig */;
			buildSettings = {
				ASSETCATALOG_COMPILER_APPICON_NAME = AppIcon;
				ASSETCATALOG_COMPILER_GLOBAL_ACCENT_COLOR_NAME = AccentColor;
				CODE_SIGN_IDENTITY = "Apple Development";
				CODE_SIGN_STYLE = Automatic;
				CURRENT_PROJECT_VERSION = 1.2;
				DEVELOPMENT_TEAM = Y5Y35S9VHX;
				GENERATE_INFOPLIST_FILE = YES;
				INFOPLIST_FILE = SheQuanMC/Info.plist;
				INFOPLIST_KEY_CFBundleDisplayName = "奢圈商户版";
				INFOPLIST_KEY_NSCameraUsageDescription = " 允许此权限才能使用相机功，这样才能录制视频，并且想要保存图片";
				INFOPLIST_KEY_NSMicrophoneUsageDescription = "App需要您的同意,才能访问麦克风";
				INFOPLIST_KEY_NSPhotoLibraryUsageDescription = "允许此权限才能使用系统相册";
				INFOPLIST_KEY_UIApplicationSupportsIndirectInputEvents = YES;
				INFOPLIST_KEY_UILaunchStoryboardName = LaunchScreen;
				INFOPLIST_KEY_UIMainStoryboardFile = Main;
				INFOPLIST_KEY_UISupportedInterfaceOrientations_iPad = "UIInterfaceOrientationPortrait UIInterfaceOrientationPortraitUpsideDown UIInterfaceOrientationLandscapeLeft UIInterfaceOrientationLandscapeRight";
				INFOPLIST_KEY_UISupportedInterfaceOrientations_iPhone = "UIInterfaceOrientationPortrait UIInterfaceOrientationLandscapeLeft UIInterfaceOrientationLandscapeRight";
				IPHONEOS_DEPLOYMENT_TARGET = 11.0;
				LD_RUNPATH_SEARCH_PATHS = (
					"$(inherited)",
					"@executable_path/Frameworks",
				);
				MARKETING_VERSION = 1.0;
				PRODUCT_BUNDLE_IDENTIFIER = com.NDX.SheQuanMC;
				PRODUCT_NAME = "$(TARGET_NAME)";
				PROVISIONING_PROFILE_SPECIFIER = "";
				SWIFT_EMIT_LOC_STRINGS = YES;
				SWIFT_OBJC_BRIDGING_HEADER = SheQuanMC/SheQuanMC_Bridging_Header.h;
				SWIFT_VERSION = 5.0;
				TARGETED_DEVICE_FAMILY = 1;
			};
			name = Release;
		};
/* End XCBuildConfiguration section */

/* Begin XCConfigurationList section */
		40A9A1BC28129906006B1CBF /* Build configuration list for PBXProject "SheQuanMC" */ = {
			isa = XCConfigurationList;
			buildConfigurations = (
				40A9A1D32812990C006B1CBF /* Debug */,
				40A9A1D42812990C006B1CBF /* Release */,
			);
			defaultConfigurationIsVisible = 0;
			defaultConfigurationName = Release;
		};
		40A9A1D52812990C006B1CBF /* Build configuration list for PBXNativeTarget "SheQuanMC" */ = {
			isa = XCConfigurationList;
			buildConfigurations = (
				40A9A1D62812990C006B1CBF /* Debug */,
				40A9A1D72812990C006B1CBF /* Release */,
			);
			defaultConfigurationIsVisible = 0;
			defaultConfigurationName = Release;
		};
/* End XCConfigurationList section */
	};
	rootObject = 40A9A1B928129906006B1CBF /* Project object */;
}
